// !$*UTF8*$!
{
	archiveVersion = 1;
	classes = {
	};
	objectVersion = 46;
	objects = {

/* Begin PBXBuildFile section */
		19382E541B03367D0041F7E4 /* QY_SocketServiceDelegateNotificationCenter.m in Sources */ = {isa = PBXBuildFile; fileRef = 19382E531B03367D0041F7E4 /* QY_SocketServiceDelegateNotificationCenter.m */; };
		1938CCB11B24AC32009C4AE5 /* JRMvalueDescription.m in Sources */ = {isa = PBXBuildFile; fileRef = 1938CCB01B24AC32009C4AE5 /* JRMvalueDescription.m */; };
		1938CCB41B24ACB4009C4AE5 /* JRMvalue.m in Sources */ = {isa = PBXBuildFile; fileRef = 1938CCB31B24ACB4009C4AE5 /* JRMvalue.m */; };
		1938CCB81B24BC2B009C4AE5 /* JRMDataParseUtils.m in Sources */ = {isa = PBXBuildFile; fileRef = 1938CCB71B24BC2B009C4AE5 /* JRMDataParseUtils.m */; };
		1938CCBB1B24BCEA009C4AE5 /* JRMDataFormatUtils.m in Sources */ = {isa = PBXBuildFile; fileRef = 1938CCBA1B24BCEA009C4AE5 /* JRMDataFormatUtils.m */; };
		194E391A1B00832F00BA4473 /* NSString+QY_dataFormat.m in Sources */ = {isa = PBXBuildFile; fileRef = 194E39191B00832F00BA4473 /* NSString+QY_dataFormat.m */; };
		194E391D1B00DAB600BA4473 /* NSData+QY_dataFormat.m in Sources */ = {isa = PBXBuildFile; fileRef = 194E391C1B00DAB600BA4473 /* NSData+QY_dataFormat.m */; };
		1956BACB1AFF323C00C4A7F6 /* QY_JRMDataPacket.m in Sources */ = {isa = PBXBuildFile; fileRef = 1956BACA1AFF323C00C4A7F6 /* QY_JRMDataPacket.m */; };
		1964569E1B058D4000EA4E14 /* QY_QRCodeUtils.m in Sources */ = {isa = PBXBuildFile; fileRef = 1964569D1B058D4000EA4E14 /* QY_QRCodeUtils.m */; };
		196456A01B05BA5E00EA4E14 /* QianYan_QRCodeUtilsTests.m in Sources */ = {isa = PBXBuildFile; fileRef = 1964569F1B05BA5E00EA4E14 /* QianYan_QRCodeUtilsTests.m */; };
		196456A41B05C09B00EA4E14 /* QY_QRCodeReaderDelegater.m in Sources */ = {isa = PBXBuildFile; fileRef = 196456A31B05C09B00EA4E14 /* QY_QRCodeReaderDelegater.m */; };
		196456AB1B0617A700EA4E14 /* pinyin.c in Sources */ = {isa = PBXBuildFile; fileRef = 196456A91B0617A700EA4E14 /* pinyin.c */; };
		196456AE1B0617D000EA4E14 /* ChineseString.m in Sources */ = {isa = PBXBuildFile; fileRef = 196456AD1B0617D000EA4E14 /* ChineseString.m */; };
		196456B11B0617F800EA4E14 /* QY_ChineseStringUtils.m in Sources */ = {isa = PBXBuildFile; fileRef = 196456B01B0617F800EA4E14 /* QY_ChineseStringUtils.m */; };
		196456BA1B063A7F00EA4E14 /* QianYan_ChineseStringTests.m in Sources */ = {isa = PBXBuildFile; fileRef = 196456B91B063A7F00EA4E14 /* QianYan_ChineseStringTests.m */; };
		198530321B27215500EB96F7 /* testNetworkViewController.m in Sources */ = {isa = PBXBuildFile; fileRef = 198530311B27215500EB96F7 /* testNetworkViewController.m */; };
		198530351B272C3300EB96F7 /* QYUser.m in Sources */ = {isa = PBXBuildFile; fileRef = 198530341B272C3300EB96F7 /* QYUser.m */; };
		198530391B28075500EB96F7 /* QY_JPROHttpService.m in Sources */ = {isa = PBXBuildFile; fileRef = 198530381B28075500EB96F7 /* QY_JPROHttpService.m */; };
		1985303D1B2887CD00EB96F7 /* QY_FileService.m in Sources */ = {isa = PBXBuildFile; fileRef = 1985303C1B2887CD00EB96F7 /* QY_FileService.m */; };
		198530421B28B98B00EB96F7 /* QY_XMLService.m in Sources */ = {isa = PBXBuildFile; fileRef = 198530411B28B98B00EB96F7 /* QY_XMLService.m */; };
		198530471B28B9AF00EB96F7 /* QY_XMLPhraser.m in Sources */ = {isa = PBXBuildFile; fileRef = 198530461B28B9AF00EB96F7 /* QY_XMLPhraser.m */; };
		1985304A1B28B9BC00EB96F7 /* QY_XMLFormatter.m in Sources */ = {isa = PBXBuildFile; fileRef = 198530491B28B9BC00EB96F7 /* QY_XMLFormatter.m */; };
		1985304E1B29D5EA00EB96F7 /* NSError+QYError.m in Sources */ = {isa = PBXBuildFile; fileRef = 1985304D1B29D5EA00EB96F7 /* NSError+QYError.m */; };
		198530501B2A619900EB96F7 /* fileManagerTest.m in Sources */ = {isa = PBXBuildFile; fileRef = 1985304F1B2A619900EB96F7 /* fileManagerTest.m */; };
		198530541B2B669900EB96F7 /* QY_JPROUrlFactor.m in Sources */ = {isa = PBXBuildFile; fileRef = 198530531B2B669900EB96F7 /* QY_JPROUrlFactor.m */; };
		198BADF31AF0AB2600B4E2E6 /* QRCameraSwitchButton.m in Sources */ = {isa = PBXBuildFile; fileRef = 198BADED1AF0AB2600B4E2E6 /* QRCameraSwitchButton.m */; };
		198BADF41AF0AB2600B4E2E6 /* QRCodeReaderView.m in Sources */ = {isa = PBXBuildFile; fileRef = 198BADF01AF0AB2600B4E2E6 /* QRCodeReaderView.m */; };
		198BADF51AF0AB2600B4E2E6 /* QRCodeReaderViewController.m in Sources */ = {isa = PBXBuildFile; fileRef = 198BADF21AF0AB2600B4E2E6 /* QRCodeReaderViewController.m */; };
		198BADF91AF0B51700B4E2E6 /* QRCodeGenerator.m in Sources */ = {isa = PBXBuildFile; fileRef = 198BADF81AF0B51700B4E2E6 /* QRCodeGenerator.m */; };
		19909B491AEE9F4B00CCB721 /* QY_SocketService.m in Sources */ = {isa = PBXBuildFile; fileRef = 19909B481AEE9F4B00CCB721 /* QY_SocketService.m */; };
		19909B4E1AEEA04900CCB721 /* QYUtils.m in Sources */ = {isa = PBXBuildFile; fileRef = 19909B4D1AEEA04900CCB721 /* QYUtils.m */; };
		19909B5B1AEEEC4600CCB721 /* QY_JRMDataPacketFactor.m in Sources */ = {isa = PBXBuildFile; fileRef = 19909B5A1AEEEC4600CCB721 /* QY_JRMDataPacketFactor.m */; };
		19A695381AFB32F000F60D03 /* QY_JDASSocketDelegater.m in Sources */ = {isa = PBXBuildFile; fileRef = 19A695371AFB32F000F60D03 /* QY_JDASSocketDelegater.m */; };
		19A6953B1AFB44C500F60D03 /* QYNotify.m in Sources */ = {isa = PBXBuildFile; fileRef = 19A6953A1AFB44C500F60D03 /* QYNotify.m */; };
		19D6CFCE1AFE5181004A0B19 /* QY_JRMDataPhraser.m in Sources */ = {isa = PBXBuildFile; fileRef = 19D6CFCD1AFE5181004A0B19 /* QY_JRMDataPhraser.m */; };
		19ED2EE41AECF84F00E9DBEA /* main.m in Sources */ = {isa = PBXBuildFile; fileRef = 19ED2EE31AECF84F00E9DBEA /* main.m */; };
		19ED2EE71AECF84F00E9DBEA /* AppDelegate.m in Sources */ = {isa = PBXBuildFile; fileRef = 19ED2EE61AECF84F00E9DBEA /* AppDelegate.m */; };
		19ED2EEA1AECF84F00E9DBEA /* QianYan_Ios.xcdatamodeld in Sources */ = {isa = PBXBuildFile; fileRef = 19ED2EE81AECF84F00E9DBEA /* QianYan_Ios.xcdatamodeld */; };
		19ED2EED1AECF84F00E9DBEA /* ViewController.m in Sources */ = {isa = PBXBuildFile; fileRef = 19ED2EEC1AECF84F00E9DBEA /* ViewController.m */; };
		19ED2EF01AECF84F00E9DBEA /* Main.storyboard in Resources */ = {isa = PBXBuildFile; fileRef = 19ED2EEE1AECF84F00E9DBEA /* Main.storyboard */; };
		19ED2EF21AECF84F00E9DBEA /* Images.xcassets in Resources */ = {isa = PBXBuildFile; fileRef = 19ED2EF11AECF84F00E9DBEA /* Images.xcassets */; };
		19ED2EF51AECF84F00E9DBEA /* LaunchScreen.xib in Resources */ = {isa = PBXBuildFile; fileRef = 19ED2EF31AECF84F00E9DBEA /* LaunchScreen.xib */; };
		19ED2F011AECF84F00E9DBEA /* QianYan_IosTests.m in Sources */ = {isa = PBXBuildFile; fileRef = 19ED2F001AECF84F00E9DBEA /* QianYan_IosTests.m */; };
		19F34B8C1B1E8BFD00B624C6 /* QY_SocketServiceAgent.m in Sources */ = {isa = PBXBuildFile; fileRef = 19F34B8B1B1E8BFD00B624C6 /* QY_SocketServiceAgent.m */; };
		19F34B8F1B1FF31700B624C6 /* QY_SocketServiceAgent+QY_SocketServiceAgent_GCD.m in Sources */ = {isa = PBXBuildFile; fileRef = 19F34B8E1B1FF31700B624C6 /* QY_SocketServiceAgent+QY_SocketServiceAgent_GCD.m */; };
		19F3AC041AFB6941002B45DD /* QY_JRMSocketDelegater.m in Sources */ = {isa = PBXBuildFile; fileRef = 19F3AC031AFB6941002B45DD /* QY_JRMSocketDelegater.m */; };
		19F91CEE1B0E2A1800264AC0 /* AddressBook.framework in Frameworks */ = {isa = PBXBuildFile; fileRef = 19F91CEC1B0E2A1800264AC0 /* AddressBook.framework */; };
		19F91CEF1B0E2A1800264AC0 /* AddressBookUI.framework in Frameworks */ = {isa = PBXBuildFile; fileRef = 19F91CED1B0E2A1800264AC0 /* AddressBookUI.framework */; };
		19F91CF21B0E2ADF00264AC0 /* testAddressBookViewController.m in Sources */ = {isa = PBXBuildFile; fileRef = 19F91CF11B0E2ADF00264AC0 /* testAddressBookViewController.m */; };
		19F91CF91B0F1B1000264AC0 /* QY_AddressBook.m in Sources */ = {isa = PBXBuildFile; fileRef = 19F91CF81B0F1B1000264AC0 /* QY_AddressBook.m */; };
		19F91CFC1B0F2D8000264AC0 /* QY_contactUtils.m in Sources */ = {isa = PBXBuildFile; fileRef = 19F91CFB1B0F2D8000264AC0 /* QY_contactUtils.m */; };
		19F91D001B0F591000264AC0 /* MessageUI.framework in Frameworks */ = {isa = PBXBuildFile; fileRef = 19F91CFF1B0F591000264AC0 /* MessageUI.framework */; };
		2E198AB0F8530161A1BAD09F /* libPods-QianYan_Ios.a in Frameworks */ = {isa = PBXBuildFile; fileRef = 11F773AF3A6D9E59DFFC3C35 /* libPods-QianYan_Ios.a */; };
		6E2761B91B08BF7000247CCC /* Register&Login.storyboard in Resources */ = {isa = PBXBuildFile; fileRef = 6E2761B81B08BF7000247CCC /* Register&Login.storyboard */; };
		6E2761BE1B08C03200247CCC /* RegisterViewController.m in Sources */ = {isa = PBXBuildFile; fileRef = 6E2761BB1B08C03100247CCC /* RegisterViewController.m */; };
		6E2761BF1B08C03200247CCC /* LoginViewController.m in Sources */ = {isa = PBXBuildFile; fileRef = 6E2761BD1B08C03200247CCC /* LoginViewController.m */; };
		6E67BBE21B0F81B00066C9CE /* ContactTableViewCell.m in Sources */ = {isa = PBXBuildFile; fileRef = 6E67BBDF1B0F81B00066C9CE /* ContactTableViewCell.m */; };
		6E67BBE31B0F81B00066C9CE /* ContactTableViewController.m in Sources */ = {isa = PBXBuildFile; fileRef = 6E67BBE11B0F81B00066C9CE /* ContactTableViewController.m */; };
		6E9BA94F1B0CB8FB009D87BE /* JVLeftDrawerTableViewCell.m in Sources */ = {isa = PBXBuildFile; fileRef = 6E9BA93D1B0CB8FB009D87BE /* JVLeftDrawerTableViewCell.m */; };
		6E9BA9501B0CB8FB009D87BE /* JVRightDrawerTableViewCell.m in Sources */ = {isa = PBXBuildFile; fileRef = 6E9BA93F1B0CB8FB009D87BE /* JVRightDrawerTableViewCell.m */; };
		6E9BA9511B0CB8FB009D87BE /* JVLeftDrawerTableViewController.m in Sources */ = {isa = PBXBuildFile; fileRef = 6E9BA9411B0CB8FB009D87BE /* JVLeftDrawerTableViewController.m */; };
		6E9BA9521B0CB8FB009D87BE /* JVRightDrawerTableViewController.m in Sources */ = {isa = PBXBuildFile; fileRef = 6E9BA9431B0CB8FB009D87BE /* JVRightDrawerTableViewController.m */; };
		6E9BA9541B0CB8FB009D87BE /* CameraViewController.m in Sources */ = {isa = PBXBuildFile; fileRef = 6E9BA9471B0CB8FB009D87BE /* CameraViewController.m */; };
		6E9BA9551B0CB8FB009D87BE /* SKSTableView.m in Sources */ = {isa = PBXBuildFile; fileRef = 6E9BA9491B0CB8FB009D87BE /* SKSTableView.m */; };
		6E9BA9561B0CB8FB009D87BE /* SKSTableViewCell.m in Sources */ = {isa = PBXBuildFile; fileRef = 6E9BA94B1B0CB8FB009D87BE /* SKSTableViewCell.m */; };
		6E9BA9571B0CB8FB009D87BE /* SKSTableViewCellIndicator.m in Sources */ = {isa = PBXBuildFile; fileRef = 6E9BA94D1B0CB8FB009D87BE /* SKSTableViewCellIndicator.m */; };
		6E9BA9581B0CB8FB009D87BE /* Drawers.storyboard in Resources */ = {isa = PBXBuildFile; fileRef = 6E9BA94E1B0CB8FB009D87BE /* Drawers.storyboard */; };
		AA52CF7D27ECBDC70F67D76F /* libPods-QianYan_IosTests.a in Frameworks */ = {isa = PBXBuildFile; fileRef = B56B755DAE30BD9D1F0F95C3 /* libPods-QianYan_IosTests.a */; };
/* End PBXBuildFile section */

/* Begin PBXContainerItemProxy section */
		19ED2EFB1AECF84F00E9DBEA /* PBXContainerItemProxy */ = {
			isa = PBXContainerItemProxy;
			containerPortal = 19ED2ED61AECF84F00E9DBEA /* Project object */;
			proxyType = 1;
			remoteGlobalIDString = 19ED2EDD1AECF84F00E9DBEA;
			remoteInfo = QianYan_Ios;
		};
/* End PBXContainerItemProxy section */

/* Begin PBXFileReference section */
		11F773AF3A6D9E59DFFC3C35 /* libPods-QianYan_Ios.a */ = {isa = PBXFileReference; explicitFileType = archive.ar; includeInIndex = 0; path = "libPods-QianYan_Ios.a"; sourceTree = BUILT_PRODUCTS_DIR; };
		1902EEDA1B01BDCA001E4B12 /* QY_Socket.h */ = {isa = PBXFileReference; lastKnownFileType = sourcecode.c.h; path = QY_Socket.h; sourceTree = "<group>"; };
		192614141B14E30100241DDC /* QY_JDASSocketDelegaterDelegate.h */ = {isa = PBXFileReference; lastKnownFileType = sourcecode.c.h; path = QY_JDASSocketDelegaterDelegate.h; sourceTree = "<group>"; };
		19382E521B03367D0041F7E4 /* QY_SocketServiceDelegateNotificationCenter.h */ = {isa = PBXFileReference; fileEncoding = 4; lastKnownFileType = sourcecode.c.h; path = QY_SocketServiceDelegateNotificationCenter.h; sourceTree = "<group>"; };
		19382E531B03367D0041F7E4 /* QY_SocketServiceDelegateNotificationCenter.m */ = {isa = PBXFileReference; fileEncoding = 4; lastKnownFileType = sourcecode.c.objc; path = QY_SocketServiceDelegateNotificationCenter.m; sourceTree = "<group>"; };
		19382E551B03761C0041F7E4 /* QY_SocketServiceDelegate.h */ = {isa = PBXFileReference; fileEncoding = 4; lastKnownFileType = sourcecode.c.h; path = QY_SocketServiceDelegate.h; sourceTree = "<group>"; };
		1938CCAF1B24AC32009C4AE5 /* JRMvalueDescription.h */ = {isa = PBXFileReference; fileEncoding = 4; lastKnownFileType = sourcecode.c.h; path = JRMvalueDescription.h; sourceTree = "<group>"; };
		1938CCB01B24AC32009C4AE5 /* JRMvalueDescription.m */ = {isa = PBXFileReference; fileEncoding = 4; lastKnownFileType = sourcecode.c.objc; path = JRMvalueDescription.m; sourceTree = "<group>"; };
		1938CCB21B24ACB4009C4AE5 /* JRMvalue.h */ = {isa = PBXFileReference; fileEncoding = 4; lastKnownFileType = sourcecode.c.h; path = JRMvalue.h; sourceTree = "<group>"; };
		1938CCB31B24ACB4009C4AE5 /* JRMvalue.m */ = {isa = PBXFileReference; fileEncoding = 4; lastKnownFileType = sourcecode.c.objc; path = JRMvalue.m; sourceTree = "<group>"; };
		1938CCB61B24BC2B009C4AE5 /* JRMDataParseUtils.h */ = {isa = PBXFileReference; fileEncoding = 4; lastKnownFileType = sourcecode.c.h; path = JRMDataParseUtils.h; sourceTree = "<group>"; };
		1938CCB71B24BC2B009C4AE5 /* JRMDataParseUtils.m */ = {isa = PBXFileReference; fileEncoding = 4; lastKnownFileType = sourcecode.c.objc; path = JRMDataParseUtils.m; sourceTree = "<group>"; };
		1938CCB91B24BCEA009C4AE5 /* JRMDataFormatUtils.h */ = {isa = PBXFileReference; fileEncoding = 4; lastKnownFileType = sourcecode.c.h; path = JRMDataFormatUtils.h; sourceTree = "<group>"; };
		1938CCBA1B24BCEA009C4AE5 /* JRMDataFormatUtils.m */ = {isa = PBXFileReference; fileEncoding = 4; lastKnownFileType = sourcecode.c.objc; path = JRMDataFormatUtils.m; sourceTree = "<group>"; };
		194E39181B00832F00BA4473 /* NSString+QY_dataFormat.h */ = {isa = PBXFileReference; fileEncoding = 4; lastKnownFileType = sourcecode.c.h; path = "NSString+QY_dataFormat.h"; sourceTree = "<group>"; };
		194E39191B00832F00BA4473 /* NSString+QY_dataFormat.m */ = {isa = PBXFileReference; fileEncoding = 4; lastKnownFileType = sourcecode.c.objc; path = "NSString+QY_dataFormat.m"; sourceTree = "<group>"; };
		194E391B1B00DAB600BA4473 /* NSData+QY_dataFormat.h */ = {isa = PBXFileReference; fileEncoding = 4; lastKnownFileType = sourcecode.c.h; path = "NSData+QY_dataFormat.h"; sourceTree = "<group>"; };
		194E391C1B00DAB600BA4473 /* NSData+QY_dataFormat.m */ = {isa = PBXFileReference; fileEncoding = 4; lastKnownFileType = sourcecode.c.objc; path = "NSData+QY_dataFormat.m"; sourceTree = "<group>"; };
		1956BAC91AFF323C00C4A7F6 /* QY_JRMDataPacket.h */ = {isa = PBXFileReference; fileEncoding = 4; lastKnownFileType = sourcecode.c.h; path = QY_JRMDataPacket.h; sourceTree = "<group>"; };
		1956BACA1AFF323C00C4A7F6 /* QY_JRMDataPacket.m */ = {isa = PBXFileReference; fileEncoding = 4; lastKnownFileType = sourcecode.c.objc; path = QY_JRMDataPacket.m; sourceTree = "<group>"; };
		196456971B0582B000EA4E14 /* QY_QRCode.h */ = {isa = PBXFileReference; lastKnownFileType = sourcecode.c.h; path = QY_QRCode.h; sourceTree = "<group>"; };
		1964569C1B058D4000EA4E14 /* QY_QRCodeUtils.h */ = {isa = PBXFileReference; fileEncoding = 4; lastKnownFileType = sourcecode.c.h; path = QY_QRCodeUtils.h; sourceTree = "<group>"; };
		1964569D1B058D4000EA4E14 /* QY_QRCodeUtils.m */ = {isa = PBXFileReference; fileEncoding = 4; lastKnownFileType = sourcecode.c.objc; path = QY_QRCodeUtils.m; sourceTree = "<group>"; };
		1964569F1B05BA5E00EA4E14 /* QianYan_QRCodeUtilsTests.m */ = {isa = PBXFileReference; fileEncoding = 4; lastKnownFileType = sourcecode.c.objc; path = QianYan_QRCodeUtilsTests.m; sourceTree = "<group>"; };
		196456A11B05BF5A00EA4E14 /* QY_QRCodeScanerDelegate.h */ = {isa = PBXFileReference; lastKnownFileType = sourcecode.c.h; path = QY_QRCodeScanerDelegate.h; sourceTree = "<group>"; };
		196456A21B05C09B00EA4E14 /* QY_QRCodeReaderDelegater.h */ = {isa = PBXFileReference; fileEncoding = 4; lastKnownFileType = sourcecode.c.h; path = QY_QRCodeReaderDelegater.h; sourceTree = "<group>"; };
		196456A31B05C09B00EA4E14 /* QY_QRCodeReaderDelegater.m */ = {isa = PBXFileReference; fileEncoding = 4; lastKnownFileType = sourcecode.c.objc; path = QY_QRCodeReaderDelegater.m; sourceTree = "<group>"; };
		196456A91B0617A700EA4E14 /* pinyin.c */ = {isa = PBXFileReference; fileEncoding = 4; lastKnownFileType = sourcecode.c.c; path = pinyin.c; sourceTree = "<group>"; };
		196456AA1B0617A700EA4E14 /* pinyin.h */ = {isa = PBXFileReference; fileEncoding = 4; lastKnownFileType = sourcecode.c.h; path = pinyin.h; sourceTree = "<group>"; };
		196456AC1B0617D000EA4E14 /* ChineseString.h */ = {isa = PBXFileReference; fileEncoding = 4; lastKnownFileType = sourcecode.c.h; path = ChineseString.h; sourceTree = "<group>"; };
		196456AD1B0617D000EA4E14 /* ChineseString.m */ = {isa = PBXFileReference; fileEncoding = 4; lastKnownFileType = sourcecode.c.objc; path = ChineseString.m; sourceTree = "<group>"; };
		196456AF1B0617F800EA4E14 /* QY_ChineseStringUtils.h */ = {isa = PBXFileReference; fileEncoding = 4; lastKnownFileType = sourcecode.c.h; path = QY_ChineseStringUtils.h; sourceTree = "<group>"; };
		196456B01B0617F800EA4E14 /* QY_ChineseStringUtils.m */ = {isa = PBXFileReference; fileEncoding = 4; lastKnownFileType = sourcecode.c.objc; path = QY_ChineseStringUtils.m; sourceTree = "<group>"; };
		196456B81B0639D600EA4E14 /* QY_ChineseString.h */ = {isa = PBXFileReference; lastKnownFileType = sourcecode.c.h; path = QY_ChineseString.h; sourceTree = "<group>"; };
		196456B91B063A7F00EA4E14 /* QianYan_ChineseStringTests.m */ = {isa = PBXFileReference; fileEncoding = 4; lastKnownFileType = sourcecode.c.objc; path = QianYan_ChineseStringTests.m; sourceTree = "<group>"; };
		198530301B27215500EB96F7 /* testNetworkViewController.h */ = {isa = PBXFileReference; fileEncoding = 4; lastKnownFileType = sourcecode.c.h; path = testNetworkViewController.h; sourceTree = "<group>"; };
		198530311B27215500EB96F7 /* testNetworkViewController.m */ = {isa = PBXFileReference; fileEncoding = 4; lastKnownFileType = sourcecode.c.objc; path = testNetworkViewController.m; sourceTree = "<group>"; };
		198530331B272C3300EB96F7 /* QYUser.h */ = {isa = PBXFileReference; fileEncoding = 4; lastKnownFileType = sourcecode.c.h; path = QYUser.h; sourceTree = "<group>"; };
		198530341B272C3300EB96F7 /* QYUser.m */ = {isa = PBXFileReference; fileEncoding = 4; lastKnownFileType = sourcecode.c.objc; path = QYUser.m; sourceTree = "<group>"; };
		198530371B28075500EB96F7 /* QY_JPROHttpService.h */ = {isa = PBXFileReference; fileEncoding = 4; lastKnownFileType = sourcecode.c.h; path = QY_JPROHttpService.h; sourceTree = "<group>"; };
		198530381B28075500EB96F7 /* QY_JPROHttpService.m */ = {isa = PBXFileReference; fileEncoding = 4; lastKnownFileType = sourcecode.c.objc; path = QY_JPROHttpService.m; sourceTree = "<group>"; };
		1985303B1B2887CD00EB96F7 /* QY_FileService.h */ = {isa = PBXFileReference; fileEncoding = 4; lastKnownFileType = sourcecode.c.h; path = QY_FileService.h; sourceTree = "<group>"; };
		1985303C1B2887CD00EB96F7 /* QY_FileService.m */ = {isa = PBXFileReference; fileEncoding = 4; lastKnownFileType = sourcecode.c.objc; path = QY_FileService.m; sourceTree = "<group>"; };
		1985303E1B28B33A00EB96F7 /* userInterface.h */ = {isa = PBXFileReference; lastKnownFileType = sourcecode.c.h; path = userInterface.h; sourceTree = "<group>"; };
		198530401B28B98B00EB96F7 /* QY_XMLService.h */ = {isa = PBXFileReference; fileEncoding = 4; lastKnownFileType = sourcecode.c.h; path = QY_XMLService.h; sourceTree = "<group>"; };
		198530411B28B98B00EB96F7 /* QY_XMLService.m */ = {isa = PBXFileReference; fileEncoding = 4; lastKnownFileType = sourcecode.c.objc; path = QY_XMLService.m; sourceTree = "<group>"; };
		198530451B28B9AF00EB96F7 /* QY_XMLPhraser.h */ = {isa = PBXFileReference; fileEncoding = 4; lastKnownFileType = sourcecode.c.h; path = QY_XMLPhraser.h; sourceTree = "<group>"; };
		198530461B28B9AF00EB96F7 /* QY_XMLPhraser.m */ = {isa = PBXFileReference; fileEncoding = 4; lastKnownFileType = sourcecode.c.objc; path = QY_XMLPhraser.m; sourceTree = "<group>"; };
		198530481B28B9BC00EB96F7 /* QY_XMLFormatter.h */ = {isa = PBXFileReference; fileEncoding = 4; lastKnownFileType = sourcecode.c.h; path = QY_XMLFormatter.h; sourceTree = "<group>"; };
		198530491B28B9BC00EB96F7 /* QY_XMLFormatter.m */ = {isa = PBXFileReference; fileEncoding = 4; lastKnownFileType = sourcecode.c.objc; path = QY_XMLFormatter.m; sourceTree = "<group>"; };
		1985304C1B29D5EA00EB96F7 /* NSError+QYError.h */ = {isa = PBXFileReference; fileEncoding = 4; lastKnownFileType = sourcecode.c.h; path = "NSError+QYError.h"; sourceTree = "<group>"; };
		1985304D1B29D5EA00EB96F7 /* NSError+QYError.m */ = {isa = PBXFileReference; fileEncoding = 4; lastKnownFileType = sourcecode.c.objc; path = "NSError+QYError.m"; sourceTree = "<group>"; };
		1985304F1B2A619900EB96F7 /* fileManagerTest.m */ = {isa = PBXFileReference; fileEncoding = 4; lastKnownFileType = sourcecode.c.objc; path = fileManagerTest.m; sourceTree = "<group>"; };
		198530521B2B669900EB96F7 /* QY_JPROUrlFactor.h */ = {isa = PBXFileReference; fileEncoding = 4; lastKnownFileType = sourcecode.c.h; path = QY_JPROUrlFactor.h; sourceTree = "<group>"; };
		198530531B2B669900EB96F7 /* QY_JPROUrlFactor.m */ = {isa = PBXFileReference; fileEncoding = 4; lastKnownFileType = sourcecode.c.objc; path = QY_JPROUrlFactor.m; sourceTree = "<group>"; };
		198BADEC1AF0AB2600B4E2E6 /* QRCameraSwitchButton.h */ = {isa = PBXFileReference; fileEncoding = 4; lastKnownFileType = sourcecode.c.h; name = QRCameraSwitchButton.h; path = "ThirdPart_ByHand/二维码扫描/QRCodeReaderViewController/QRCameraSwitchButton.h"; sourceTree = "<group>"; };
		198BADED1AF0AB2600B4E2E6 /* QRCameraSwitchButton.m */ = {isa = PBXFileReference; fileEncoding = 4; lastKnownFileType = sourcecode.c.objc; name = QRCameraSwitchButton.m; path = "ThirdPart_ByHand/二维码扫描/QRCodeReaderViewController/QRCameraSwitchButton.m"; sourceTree = "<group>"; };
		198BADEE1AF0AB2600B4E2E6 /* QRCodeReaderDelegate.h */ = {isa = PBXFileReference; fileEncoding = 4; lastKnownFileType = sourcecode.c.h; name = QRCodeReaderDelegate.h; path = "ThirdPart_ByHand/二维码扫描/QRCodeReaderViewController/QRCodeReaderDelegate.h"; sourceTree = "<group>"; };
		198BADEF1AF0AB2600B4E2E6 /* QRCodeReaderView.h */ = {isa = PBXFileReference; fileEncoding = 4; lastKnownFileType = sourcecode.c.h; name = QRCodeReaderView.h; path = "ThirdPart_ByHand/二维码扫描/QRCodeReaderViewController/QRCodeReaderView.h"; sourceTree = "<group>"; };
		198BADF01AF0AB2600B4E2E6 /* QRCodeReaderView.m */ = {isa = PBXFileReference; fileEncoding = 4; lastKnownFileType = sourcecode.c.objc; name = QRCodeReaderView.m; path = "ThirdPart_ByHand/二维码扫描/QRCodeReaderViewController/QRCodeReaderView.m"; sourceTree = "<group>"; };
		198BADF11AF0AB2600B4E2E6 /* QRCodeReaderViewController.h */ = {isa = PBXFileReference; fileEncoding = 4; lastKnownFileType = sourcecode.c.h; name = QRCodeReaderViewController.h; path = "ThirdPart_ByHand/二维码扫描/QRCodeReaderViewController/QRCodeReaderViewController.h"; sourceTree = "<group>"; };
		198BADF21AF0AB2600B4E2E6 /* QRCodeReaderViewController.m */ = {isa = PBXFileReference; fileEncoding = 4; lastKnownFileType = sourcecode.c.objc; name = QRCodeReaderViewController.m; path = "ThirdPart_ByHand/二维码扫描/QRCodeReaderViewController/QRCodeReaderViewController.m"; sourceTree = "<group>"; };
		198BADF71AF0B51700B4E2E6 /* QRCodeGenerator.h */ = {isa = PBXFileReference; fileEncoding = 4; lastKnownFileType = sourcecode.c.h; name = QRCodeGenerator.h; path = "ThirdPart_ByHand/二维码生成/QRCodeGenerator.h"; sourceTree = "<group>"; };
		198BADF81AF0B51700B4E2E6 /* QRCodeGenerator.m */ = {isa = PBXFileReference; fileEncoding = 4; lastKnownFileType = sourcecode.c.objc; name = QRCodeGenerator.m; path = "ThirdPart_ByHand/二维码生成/QRCodeGenerator.m"; sourceTree = "<group>"; };
		19909B471AEE9F4B00CCB721 /* QY_SocketService.h */ = {isa = PBXFileReference; fileEncoding = 4; lastKnownFileType = sourcecode.c.h; path = QY_SocketService.h; sourceTree = "<group>"; };
		19909B481AEE9F4B00CCB721 /* QY_SocketService.m */ = {isa = PBXFileReference; fileEncoding = 4; lastKnownFileType = sourcecode.c.objc; path = QY_SocketService.m; sourceTree = "<group>"; };
		19909B4A1AEE9F7400CCB721 /* QY_Common.h */ = {isa = PBXFileReference; lastKnownFileType = sourcecode.c.h; path = QY_Common.h; sourceTree = "<group>"; };
		19909B4B1AEE9F8100CCB721 /* QY_CommonDefine.h */ = {isa = PBXFileReference; lastKnownFileType = sourcecode.c.h; path = QY_CommonDefine.h; sourceTree = "<group>"; };
		19909B4C1AEEA04900CCB721 /* QYUtils.h */ = {isa = PBXFileReference; fileEncoding = 4; lastKnownFileType = sourcecode.c.h; path = QYUtils.h; sourceTree = "<group>"; };
		19909B4D1AEEA04900CCB721 /* QYUtils.m */ = {isa = PBXFileReference; fileEncoding = 4; lastKnownFileType = sourcecode.c.objc; path = QYUtils.m; sourceTree = "<group>"; };
		19909B521AEEE1C300CCB721 /* QY_jclient_jrm_protocol_Marco.h */ = {isa = PBXFileReference; lastKnownFileType = sourcecode.c.h; path = QY_jclient_jrm_protocol_Marco.h; sourceTree = "<group>"; };
		19909B591AEEEC4600CCB721 /* QY_JRMDataPacketFactor.h */ = {isa = PBXFileReference; fileEncoding = 4; lastKnownFileType = sourcecode.c.h; path = QY_JRMDataPacketFactor.h; sourceTree = "<group>"; };
		19909B5A1AEEEC4600CCB721 /* QY_JRMDataPacketFactor.m */ = {isa = PBXFileReference; fileEncoding = 4; lastKnownFileType = sourcecode.c.objc; path = QY_JRMDataPacketFactor.m; sourceTree = "<group>"; };
		19A695361AFB32F000F60D03 /* QY_JDASSocketDelegater.h */ = {isa = PBXFileReference; fileEncoding = 4; lastKnownFileType = sourcecode.c.h; path = QY_JDASSocketDelegater.h; sourceTree = "<group>"; };
		19A695371AFB32F000F60D03 /* QY_JDASSocketDelegater.m */ = {isa = PBXFileReference; fileEncoding = 4; lastKnownFileType = sourcecode.c.objc; path = QY_JDASSocketDelegater.m; sourceTree = "<group>"; };
		19A695391AFB44C500F60D03 /* QYNotify.h */ = {isa = PBXFileReference; fileEncoding = 4; lastKnownFileType = sourcecode.c.h; path = QYNotify.h; sourceTree = "<group>"; };
		19A6953A1AFB44C500F60D03 /* QYNotify.m */ = {isa = PBXFileReference; fileEncoding = 4; lastKnownFileType = sourcecode.c.objc; path = QYNotify.m; sourceTree = "<group>"; };
		19D6CFCC1AFE5180004A0B19 /* QY_JRMDataPhraser.h */ = {isa = PBXFileReference; fileEncoding = 4; lastKnownFileType = sourcecode.c.h; path = QY_JRMDataPhraser.h; sourceTree = "<group>"; };
		19D6CFCD1AFE5181004A0B19 /* QY_JRMDataPhraser.m */ = {isa = PBXFileReference; fileEncoding = 4; lastKnownFileType = sourcecode.c.objc; path = QY_JRMDataPhraser.m; sourceTree = "<group>"; };
		19ED2EDE1AECF84F00E9DBEA /* QianYan_Ios.app */ = {isa = PBXFileReference; explicitFileType = wrapper.application; includeInIndex = 0; path = QianYan_Ios.app; sourceTree = BUILT_PRODUCTS_DIR; };
		19ED2EE21AECF84F00E9DBEA /* Info.plist */ = {isa = PBXFileReference; lastKnownFileType = text.plist.xml; path = Info.plist; sourceTree = "<group>"; };
		19ED2EE31AECF84F00E9DBEA /* main.m */ = {isa = PBXFileReference; lastKnownFileType = sourcecode.c.objc; path = main.m; sourceTree = "<group>"; };
		19ED2EE51AECF84F00E9DBEA /* AppDelegate.h */ = {isa = PBXFileReference; lastKnownFileType = sourcecode.c.h; path = AppDelegate.h; sourceTree = "<group>"; };
		19ED2EE61AECF84F00E9DBEA /* AppDelegate.m */ = {isa = PBXFileReference; lastKnownFileType = sourcecode.c.objc; path = AppDelegate.m; sourceTree = "<group>"; };
		19ED2EE91AECF84F00E9DBEA /* QianYan_Ios.xcdatamodel */ = {isa = PBXFileReference; lastKnownFileType = wrapper.xcdatamodel; path = QianYan_Ios.xcdatamodel; sourceTree = "<group>"; };
		19ED2EEB1AECF84F00E9DBEA /* ViewController.h */ = {isa = PBXFileReference; lastKnownFileType = sourcecode.c.h; path = ViewController.h; sourceTree = "<group>"; };
		19ED2EEC1AECF84F00E9DBEA /* ViewController.m */ = {isa = PBXFileReference; lastKnownFileType = sourcecode.c.objc; path = ViewController.m; sourceTree = "<group>"; };
		19ED2EEF1AECF84F00E9DBEA /* Base */ = {isa = PBXFileReference; lastKnownFileType = file.storyboard; name = Base; path = Base.lproj/Main.storyboard; sourceTree = "<group>"; };
		19ED2EF11AECF84F00E9DBEA /* Images.xcassets */ = {isa = PBXFileReference; lastKnownFileType = folder.assetcatalog; path = Images.xcassets; sourceTree = "<group>"; };
		19ED2EF41AECF84F00E9DBEA /* Base */ = {isa = PBXFileReference; lastKnownFileType = file.xib; name = Base; path = Base.lproj/LaunchScreen.xib; sourceTree = "<group>"; };
		19ED2EFA1AECF84F00E9DBEA /* QianYan_IosTests.xctest */ = {isa = PBXFileReference; explicitFileType = wrapper.cfbundle; includeInIndex = 0; path = QianYan_IosTests.xctest; sourceTree = BUILT_PRODUCTS_DIR; };
		19ED2EFF1AECF84F00E9DBEA /* Info.plist */ = {isa = PBXFileReference; lastKnownFileType = text.plist.xml; path = Info.plist; sourceTree = "<group>"; };
		19ED2F001AECF84F00E9DBEA /* QianYan_IosTests.m */ = {isa = PBXFileReference; lastKnownFileType = sourcecode.c.objc; path = QianYan_IosTests.m; sourceTree = "<group>"; };
		19F34B8A1B1E8BFD00B624C6 /* QY_SocketServiceAgent.h */ = {isa = PBXFileReference; fileEncoding = 4; lastKnownFileType = sourcecode.c.h; path = QY_SocketServiceAgent.h; sourceTree = "<group>"; };
		19F34B8B1B1E8BFD00B624C6 /* QY_SocketServiceAgent.m */ = {isa = PBXFileReference; fileEncoding = 4; lastKnownFileType = sourcecode.c.objc; path = QY_SocketServiceAgent.m; sourceTree = "<group>"; };
		19F34B8D1B1FF31700B624C6 /* QY_SocketServiceAgent+QY_SocketServiceAgent_GCD.h */ = {isa = PBXFileReference; fileEncoding = 4; lastKnownFileType = sourcecode.c.h; path = "QY_SocketServiceAgent+QY_SocketServiceAgent_GCD.h"; sourceTree = "<group>"; };
		19F34B8E1B1FF31700B624C6 /* QY_SocketServiceAgent+QY_SocketServiceAgent_GCD.m */ = {isa = PBXFileReference; fileEncoding = 4; lastKnownFileType = sourcecode.c.objc; path = "QY_SocketServiceAgent+QY_SocketServiceAgent_GCD.m"; sourceTree = "<group>"; };
		19F3AC021AFB6941002B45DD /* QY_JRMSocketDelegater.h */ = {isa = PBXFileReference; fileEncoding = 4; lastKnownFileType = sourcecode.c.h; path = QY_JRMSocketDelegater.h; sourceTree = "<group>"; };
		19F3AC031AFB6941002B45DD /* QY_JRMSocketDelegater.m */ = {isa = PBXFileReference; fileEncoding = 4; lastKnownFileType = sourcecode.c.objc; path = QY_JRMSocketDelegater.m; sourceTree = "<group>"; };
		19F91CEC1B0E2A1800264AC0 /* AddressBook.framework */ = {isa = PBXFileReference; lastKnownFileType = wrapper.framework; name = AddressBook.framework; path = System/Library/Frameworks/AddressBook.framework; sourceTree = SDKROOT; };
		19F91CED1B0E2A1800264AC0 /* AddressBookUI.framework */ = {isa = PBXFileReference; lastKnownFileType = wrapper.framework; name = AddressBookUI.framework; path = System/Library/Frameworks/AddressBookUI.framework; sourceTree = SDKROOT; };
		19F91CF01B0E2ADF00264AC0 /* testAddressBookViewController.h */ = {isa = PBXFileReference; fileEncoding = 4; lastKnownFileType = sourcecode.c.h; path = testAddressBookViewController.h; sourceTree = "<group>"; };
		19F91CF11B0E2ADF00264AC0 /* testAddressBookViewController.m */ = {isa = PBXFileReference; fileEncoding = 4; lastKnownFileType = sourcecode.c.objc; path = testAddressBookViewController.m; sourceTree = "<group>"; };
		19F91CF41B0F19F300264AC0 /* QY_contactService.h */ = {isa = PBXFileReference; lastKnownFileType = sourcecode.c.h; path = QY_contactService.h; sourceTree = "<group>"; };
		19F91CF71B0F1B1000264AC0 /* QY_AddressBook.h */ = {isa = PBXFileReference; fileEncoding = 4; lastKnownFileType = sourcecode.c.h; path = QY_AddressBook.h; sourceTree = "<group>"; };
		19F91CF81B0F1B1000264AC0 /* QY_AddressBook.m */ = {isa = PBXFileReference; fileEncoding = 4; lastKnownFileType = sourcecode.c.objc; path = QY_AddressBook.m; sourceTree = "<group>"; };
		19F91CFA1B0F2D8000264AC0 /* QY_contactUtils.h */ = {isa = PBXFileReference; fileEncoding = 4; lastKnownFileType = sourcecode.c.h; path = QY_contactUtils.h; sourceTree = "<group>"; };
		19F91CFB1B0F2D8000264AC0 /* QY_contactUtils.m */ = {isa = PBXFileReference; fileEncoding = 4; lastKnownFileType = sourcecode.c.objc; path = QY_contactUtils.m; sourceTree = "<group>"; };
		19F91CFE1B0F55F900264AC0 /* QY_contactUtilsDelegate.h */ = {isa = PBXFileReference; fileEncoding = 4; lastKnownFileType = sourcecode.c.h; path = QY_contactUtilsDelegate.h; sourceTree = "<group>"; };
		19F91CFF1B0F591000264AC0 /* MessageUI.framework */ = {isa = PBXFileReference; lastKnownFileType = wrapper.framework; name = MessageUI.framework; path = System/Library/Frameworks/MessageUI.framework; sourceTree = SDKROOT; };
		3CD33F4688A6D206477B0FD6 /* Pods-QianYan_Ios.debug.xcconfig */ = {isa = PBXFileReference; includeInIndex = 1; lastKnownFileType = text.xcconfig; name = "Pods-QianYan_Ios.debug.xcconfig"; path = "Pods/Target Support Files/Pods-QianYan_Ios/Pods-QianYan_Ios.debug.xcconfig"; sourceTree = "<group>"; };
		4BCFE60503547709FAB2C1E5 /* Pods-QianYan_IosTests.debug.xcconfig */ = {isa = PBXFileReference; includeInIndex = 1; lastKnownFileType = text.xcconfig; name = "Pods-QianYan_IosTests.debug.xcconfig"; path = "Pods/Target Support Files/Pods-QianYan_IosTests/Pods-QianYan_IosTests.debug.xcconfig"; sourceTree = "<group>"; };
		6E2761B81B08BF7000247CCC /* Register&Login.storyboard */ = {isa = PBXFileReference; fileEncoding = 4; lastKnownFileType = file.storyboard; path = "Register&Login.storyboard"; sourceTree = "<group>"; };
		6E2761BA1B08C03100247CCC /* RegisterViewController.h */ = {isa = PBXFileReference; fileEncoding = 4; lastKnownFileType = sourcecode.c.h; path = RegisterViewController.h; sourceTree = "<group>"; };
		6E2761BB1B08C03100247CCC /* RegisterViewController.m */ = {isa = PBXFileReference; fileEncoding = 4; lastKnownFileType = sourcecode.c.objc; path = RegisterViewController.m; sourceTree = "<group>"; };
		6E2761BC1B08C03200247CCC /* LoginViewController.h */ = {isa = PBXFileReference; fileEncoding = 4; lastKnownFileType = sourcecode.c.h; path = LoginViewController.h; sourceTree = "<group>"; };
		6E2761BD1B08C03200247CCC /* LoginViewController.m */ = {isa = PBXFileReference; fileEncoding = 4; lastKnownFileType = sourcecode.c.objc; path = LoginViewController.m; sourceTree = "<group>"; };
		6E67BBDE1B0F81B00066C9CE /* ContactTableViewCell.h */ = {isa = PBXFileReference; fileEncoding = 4; lastKnownFileType = sourcecode.c.h; path = ContactTableViewCell.h; sourceTree = "<group>"; };
		6E67BBDF1B0F81B00066C9CE /* ContactTableViewCell.m */ = {isa = PBXFileReference; fileEncoding = 4; lastKnownFileType = sourcecode.c.objc; path = ContactTableViewCell.m; sourceTree = "<group>"; };
		6E67BBE01B0F81B00066C9CE /* ContactTableViewController.h */ = {isa = PBXFileReference; fileEncoding = 4; lastKnownFileType = sourcecode.c.h; path = ContactTableViewController.h; sourceTree = "<group>"; };
		6E67BBE11B0F81B00066C9CE /* ContactTableViewController.m */ = {isa = PBXFileReference; fileEncoding = 4; lastKnownFileType = sourcecode.c.objc; path = ContactTableViewController.m; sourceTree = "<group>"; };
		6E9BA93C1B0CB8FB009D87BE /* JVLeftDrawerTableViewCell.h */ = {isa = PBXFileReference; fileEncoding = 4; lastKnownFileType = sourcecode.c.h; name = JVLeftDrawerTableViewCell.h; path = ../JVLeftDrawerTableViewCell.h; sourceTree = "<group>"; };
		6E9BA93D1B0CB8FB009D87BE /* JVLeftDrawerTableViewCell.m */ = {isa = PBXFileReference; fileEncoding = 4; lastKnownFileType = sourcecode.c.objc; name = JVLeftDrawerTableViewCell.m; path = ../JVLeftDrawerTableViewCell.m; sourceTree = "<group>"; };
		6E9BA93E1B0CB8FB009D87BE /* JVRightDrawerTableViewCell.h */ = {isa = PBXFileReference; fileEncoding = 4; lastKnownFileType = sourcecode.c.h; name = JVRightDrawerTableViewCell.h; path = ../JVRightDrawerTableViewCell.h; sourceTree = "<group>"; };
		6E9BA93F1B0CB8FB009D87BE /* JVRightDrawerTableViewCell.m */ = {isa = PBXFileReference; fileEncoding = 4; lastKnownFileType = sourcecode.c.objc; name = JVRightDrawerTableViewCell.m; path = ../JVRightDrawerTableViewCell.m; sourceTree = "<group>"; };
		6E9BA9401B0CB8FB009D87BE /* JVLeftDrawerTableViewController.h */ = {isa = PBXFileReference; fileEncoding = 4; lastKnownFileType = sourcecode.c.h; name = JVLeftDrawerTableViewController.h; path = ../JVLeftDrawerTableViewController.h; sourceTree = "<group>"; };
		6E9BA9411B0CB8FB009D87BE /* JVLeftDrawerTableViewController.m */ = {isa = PBXFileReference; fileEncoding = 4; lastKnownFileType = sourcecode.c.objc; name = JVLeftDrawerTableViewController.m; path = ../JVLeftDrawerTableViewController.m; sourceTree = "<group>"; };
		6E9BA9421B0CB8FB009D87BE /* JVRightDrawerTableViewController.h */ = {isa = PBXFileReference; fileEncoding = 4; lastKnownFileType = sourcecode.c.h; name = JVRightDrawerTableViewController.h; path = ../JVRightDrawerTableViewController.h; sourceTree = "<group>"; };
		6E9BA9431B0CB8FB009D87BE /* JVRightDrawerTableViewController.m */ = {isa = PBXFileReference; fileEncoding = 4; lastKnownFileType = sourcecode.c.objc; name = JVRightDrawerTableViewController.m; path = ../JVRightDrawerTableViewController.m; sourceTree = "<group>"; };
		6E9BA9461B0CB8FB009D87BE /* CameraViewController.h */ = {isa = PBXFileReference; fileEncoding = 4; lastKnownFileType = sourcecode.c.h; name = CameraViewController.h; path = ../CameraViewController.h; sourceTree = "<group>"; };
		6E9BA9471B0CB8FB009D87BE /* CameraViewController.m */ = {isa = PBXFileReference; fileEncoding = 4; lastKnownFileType = sourcecode.c.objc; name = CameraViewController.m; path = ../CameraViewController.m; sourceTree = "<group>"; };
		6E9BA9481B0CB8FB009D87BE /* SKSTableView.h */ = {isa = PBXFileReference; fileEncoding = 4; lastKnownFileType = sourcecode.c.h; name = SKSTableView.h; path = ../SKSTableView.h; sourceTree = "<group>"; };
		6E9BA9491B0CB8FB009D87BE /* SKSTableView.m */ = {isa = PBXFileReference; fileEncoding = 4; lastKnownFileType = sourcecode.c.objc; name = SKSTableView.m; path = ../SKSTableView.m; sourceTree = "<group>"; };
		6E9BA94A1B0CB8FB009D87BE /* SKSTableViewCell.h */ = {isa = PBXFileReference; fileEncoding = 4; lastKnownFileType = sourcecode.c.h; name = SKSTableViewCell.h; path = ../SKSTableViewCell.h; sourceTree = "<group>"; };
		6E9BA94B1B0CB8FB009D87BE /* SKSTableViewCell.m */ = {isa = PBXFileReference; fileEncoding = 4; lastKnownFileType = sourcecode.c.objc; name = SKSTableViewCell.m; path = ../SKSTableViewCell.m; sourceTree = "<group>"; };
		6E9BA94C1B0CB8FB009D87BE /* SKSTableViewCellIndicator.h */ = {isa = PBXFileReference; fileEncoding = 4; lastKnownFileType = sourcecode.c.h; name = SKSTableViewCellIndicator.h; path = ../SKSTableViewCellIndicator.h; sourceTree = "<group>"; };
		6E9BA94D1B0CB8FB009D87BE /* SKSTableViewCellIndicator.m */ = {isa = PBXFileReference; fileEncoding = 4; lastKnownFileType = sourcecode.c.objc; name = SKSTableViewCellIndicator.m; path = ../SKSTableViewCellIndicator.m; sourceTree = "<group>"; };
		6E9BA94E1B0CB8FB009D87BE /* Drawers.storyboard */ = {isa = PBXFileReference; fileEncoding = 4; lastKnownFileType = file.storyboard; name = Drawers.storyboard; path = ../Drawers.storyboard; sourceTree = "<group>"; };
		928F366D28C73DBE248F1F4D /* Pods-QianYan_IosTests.release.xcconfig */ = {isa = PBXFileReference; includeInIndex = 1; lastKnownFileType = text.xcconfig; name = "Pods-QianYan_IosTests.release.xcconfig"; path = "Pods/Target Support Files/Pods-QianYan_IosTests/Pods-QianYan_IosTests.release.xcconfig"; sourceTree = "<group>"; };
		B56B755DAE30BD9D1F0F95C3 /* libPods-QianYan_IosTests.a */ = {isa = PBXFileReference; explicitFileType = archive.ar; includeInIndex = 0; path = "libPods-QianYan_IosTests.a"; sourceTree = BUILT_PRODUCTS_DIR; };
		DAFBB40752495D47105A5F5E /* Pods-QianYan_Ios.release.xcconfig */ = {isa = PBXFileReference; includeInIndex = 1; lastKnownFileType = text.xcconfig; name = "Pods-QianYan_Ios.release.xcconfig"; path = "Pods/Target Support Files/Pods-QianYan_Ios/Pods-QianYan_Ios.release.xcconfig"; sourceTree = "<group>"; };
/* End PBXFileReference section */

/* Begin PBXFrameworksBuildPhase section */
		19ED2EDB1AECF84F00E9DBEA /* Frameworks */ = {
			isa = PBXFrameworksBuildPhase;
			buildActionMask = 2147483647;
			files = (
				19F91D001B0F591000264AC0 /* MessageUI.framework in Frameworks */,
				19F91CEE1B0E2A1800264AC0 /* AddressBook.framework in Frameworks */,
				19F91CEF1B0E2A1800264AC0 /* AddressBookUI.framework in Frameworks */,
				2E198AB0F8530161A1BAD09F /* libPods-QianYan_Ios.a in Frameworks */,
			);
			runOnlyForDeploymentPostprocessing = 0;
		};
		19ED2EF71AECF84F00E9DBEA /* Frameworks */ = {
			isa = PBXFrameworksBuildPhase;
			buildActionMask = 2147483647;
			files = (
				AA52CF7D27ECBDC70F67D76F /* libPods-QianYan_IosTests.a in Frameworks */,
			);
			runOnlyForDeploymentPostprocessing = 0;
		};
/* End PBXFrameworksBuildPhase section */

/* Begin PBXGroup section */
		192614131B14E2E400241DDC /* JDAS */ = {
			isa = PBXGroup;
			children = (
				19A695361AFB32F000F60D03 /* QY_JDASSocketDelegater.h */,
				19A695371AFB32F000F60D03 /* QY_JDASSocketDelegater.m */,
				192614141B14E30100241DDC /* QY_JDASSocketDelegaterDelegate.h */,
			);
			name = JDAS;
			sourceTree = "<group>";
		};
		192614151B15CE4700241DDC /* JRM */ = {
			isa = PBXGroup;
			children = (
				19F3AC021AFB6941002B45DD /* QY_JRMSocketDelegater.h */,
				19F3AC031AFB6941002B45DD /* QY_JRMSocketDelegater.m */,
			);
			name = JRM;
			sourceTree = "<group>";
		};
		19382E581B0376910041F7E4 /* header */ = {
			isa = PBXGroup;
			children = (
				19382E551B03761C0041F7E4 /* QY_SocketServiceDelegate.h */,
			);
			name = header;
			sourceTree = "<group>";
		};
		1938CCA81B2446F9009C4AE5 /* Category */ = {
			isa = PBXGroup;
			children = (
				194E39181B00832F00BA4473 /* NSString+QY_dataFormat.h */,
				194E39191B00832F00BA4473 /* NSString+QY_dataFormat.m */,
				194E391B1B00DAB600BA4473 /* NSData+QY_dataFormat.h */,
				194E391C1B00DAB600BA4473 /* NSData+QY_dataFormat.m */,
			);
			name = Category;
			sourceTree = "<group>";
		};
		1938CCB51B24BC1C009C4AE5 /* Utils */ = {
			isa = PBXGroup;
			children = (
				1938CCB61B24BC2B009C4AE5 /* JRMDataParseUtils.h */,
				1938CCB71B24BC2B009C4AE5 /* JRMDataParseUtils.m */,
				1938CCB91B24BCEA009C4AE5 /* JRMDataFormatUtils.h */,
				1938CCBA1B24BCEA009C4AE5 /* JRMDataFormatUtils.m */,
			);
			name = Utils;
			sourceTree = "<group>";
		};
		1956BAC81AFF321600C4A7F6 /* Sockets */ = {
			isa = PBXGroup;
			children = (
				19F34B891B1E8B6600B624C6 /* Agent */,
				1902EEDA1B01BDCA001E4B12 /* QY_Socket.h */,
				19382E581B0376910041F7E4 /* header */,
				196456951B05826E00EA4E14 /* main */,
				1938CCA81B2446F9009C4AE5 /* Category */,
				1963DA261AFFA36C008E9FCF /* socketDataServices */,
				19F3AC051AFB6947002B45DD /* socketDelegaters */,
				1956BACC1AFF324700C4A7F6 /* models */,
			);
			name = Sockets;
			sourceTree = "<group>";
		};
		1956BACC1AFF324700C4A7F6 /* models */ = {
			isa = PBXGroup;
			children = (
				1938CCB51B24BC1C009C4AE5 /* Utils */,
				1956BAC91AFF323C00C4A7F6 /* QY_JRMDataPacket.h */,
				1956BACA1AFF323C00C4A7F6 /* QY_JRMDataPacket.m */,
				1938CCAF1B24AC32009C4AE5 /* JRMvalueDescription.h */,
				1938CCB01B24AC32009C4AE5 /* JRMvalueDescription.m */,
				1938CCB21B24ACB4009C4AE5 /* JRMvalue.h */,
				1938CCB31B24ACB4009C4AE5 /* JRMvalue.m */,
			);
			name = models;
			sourceTree = "<group>";
		};
		1963DA261AFFA36C008E9FCF /* socketDataServices */ = {
			isa = PBXGroup;
			children = (
				19D6CFCC1AFE5180004A0B19 /* QY_JRMDataPhraser.h */,
				19D6CFCD1AFE5181004A0B19 /* QY_JRMDataPhraser.m */,
				19909B591AEEEC4600CCB721 /* QY_JRMDataPacketFactor.h */,
				19909B5A1AEEEC4600CCB721 /* QY_JRMDataPacketFactor.m */,
			);
			name = socketDataServices;
			sourceTree = "<group>";
		};
		196456951B05826E00EA4E14 /* main */ = {
			isa = PBXGroup;
			children = (
				19909B471AEE9F4B00CCB721 /* QY_SocketService.h */,
				19909B481AEE9F4B00CCB721 /* QY_SocketService.m */,
			);
			name = main;
			sourceTree = "<group>";
		};
		196456961B05828B00EA4E14 /* QY_QRCode */ = {
			isa = PBXGroup;
			children = (
				196456971B0582B000EA4E14 /* QY_QRCode.h */,
				196456A51B05CCBC00EA4E14 /* header */,
				196456981B0582CF00EA4E14 /* main */,
				196456A61B05CCE000EA4E14 /* delegater */,
			);
			name = QY_QRCode;
			sourceTree = "<group>";
		};
		196456981B0582CF00EA4E14 /* main */ = {
			isa = PBXGroup;
			children = (
				1964569C1B058D4000EA4E14 /* QY_QRCodeUtils.h */,
				1964569D1B058D4000EA4E14 /* QY_QRCodeUtils.m */,
			);
			name = main;
			sourceTree = "<group>";
		};
		196456A51B05CCBC00EA4E14 /* header */ = {
			isa = PBXGroup;
			children = (
				196456A11B05BF5A00EA4E14 /* QY_QRCodeScanerDelegate.h */,
			);
			name = header;
			sourceTree = "<group>";
		};
		196456A61B05CCE000EA4E14 /* delegater */ = {
			isa = PBXGroup;
			children = (
				196456A21B05C09B00EA4E14 /* QY_QRCodeReaderDelegater.h */,
				196456A31B05C09B00EA4E14 /* QY_QRCodeReaderDelegater.m */,
			);
			name = delegater;
			sourceTree = "<group>";
		};
		196456A71B05D00E00EA4E14 /* 其他工具 */ = {
			isa = PBXGroup;
			children = (
				19909B4C1AEEA04900CCB721 /* QYUtils.h */,
				19909B4D1AEEA04900CCB721 /* QYUtils.m */,
				19A695391AFB44C500F60D03 /* QYNotify.h */,
				19A6953A1AFB44C500F60D03 /* QYNotify.m */,
			);
			name = "其他工具";
			sourceTree = "<group>";
		};
		196456A81B06177F00EA4E14 /* 中文字符串工具 */ = {
			isa = PBXGroup;
			children = (
				196456B81B0639D600EA4E14 /* QY_ChineseString.h */,
				196456B31B061C6300EA4E14 /* main */,
				196456B21B061C5300EA4E14 /* models */,
			);
			name = "中文字符串工具";
			sourceTree = "<group>";
		};
		196456B21B061C5300EA4E14 /* models */ = {
			isa = PBXGroup;
			children = (
				196456AC1B0617D000EA4E14 /* ChineseString.h */,
				196456AD1B0617D000EA4E14 /* ChineseString.m */,
			);
			name = models;
			sourceTree = "<group>";
		};
		196456B31B061C6300EA4E14 /* main */ = {
			isa = PBXGroup;
			children = (
				196456AF1B0617F800EA4E14 /* QY_ChineseStringUtils.h */,
				196456B01B0617F800EA4E14 /* QY_ChineseStringUtils.m */,
				196456A91B0617A700EA4E14 /* pinyin.c */,
				196456AA1B0617A700EA4E14 /* pinyin.h */,
			);
			name = main;
			sourceTree = "<group>";
		};
		198530361B2806F300EB96F7 /* JPRO */ = {
			isa = PBXGroup;
			children = (
				198530511B2B666500EB96F7 /* URL工具 */,
				198530371B28075500EB96F7 /* QY_JPROHttpService.h */,
				198530381B28075500EB96F7 /* QY_JPROHttpService.m */,
			);
			name = JPRO;
			sourceTree = "<group>";
		};
		1985303A1B2887AF00EB96F7 /* QYFileSystem */ = {
			isa = PBXGroup;
			children = (
				1985303B1B2887CD00EB96F7 /* QY_FileService.h */,
				1985303C1B2887CD00EB96F7 /* QY_FileService.m */,
			);
			name = QYFileSystem;
			sourceTree = "<group>";
		};
		1985303F1B28B96700EB96F7 /* QY_XML */ = {
			isa = PBXGroup;
			children = (
				198530441B28B99F00EB96F7 /* utils */,
				198530431B28B99500EB96F7 /* main */,
			);
			name = QY_XML;
			sourceTree = "<group>";
		};
		198530431B28B99500EB96F7 /* main */ = {
			isa = PBXGroup;
			children = (
				198530401B28B98B00EB96F7 /* QY_XMLService.h */,
				198530411B28B98B00EB96F7 /* QY_XMLService.m */,
			);
			name = main;
			sourceTree = "<group>";
		};
		198530441B28B99F00EB96F7 /* utils */ = {
			isa = PBXGroup;
			children = (
				198530451B28B9AF00EB96F7 /* QY_XMLPhraser.h */,
				198530461B28B9AF00EB96F7 /* QY_XMLPhraser.m */,
				198530481B28B9BC00EB96F7 /* QY_XMLFormatter.h */,
				198530491B28B9BC00EB96F7 /* QY_XMLFormatter.m */,
			);
			name = utils;
			sourceTree = "<group>";
		};
		1985304B1B29CB3600EB96F7 /* QYError */ = {
			isa = PBXGroup;
			children = (
				1985304C1B29D5EA00EB96F7 /* NSError+QYError.h */,
				1985304D1B29D5EA00EB96F7 /* NSError+QYError.m */,
			);
			name = QYError;
			sourceTree = "<group>";
		};
		198530511B2B666500EB96F7 /* URL工具 */ = {
			isa = PBXGroup;
			children = (
				198530521B2B669900EB96F7 /* QY_JPROUrlFactor.h */,
				198530531B2B669900EB96F7 /* QY_JPROUrlFactor.m */,
			);
			name = "URL工具";
			sourceTree = "<group>";
		};
		198BADE91AF0AAB800B4E2E6 /* 二维码扫描 */ = {
			isa = PBXGroup;
			children = (
				198BADEC1AF0AB2600B4E2E6 /* QRCameraSwitchButton.h */,
				198BADED1AF0AB2600B4E2E6 /* QRCameraSwitchButton.m */,
				198BADEE1AF0AB2600B4E2E6 /* QRCodeReaderDelegate.h */,
				198BADEF1AF0AB2600B4E2E6 /* QRCodeReaderView.h */,
				198BADF01AF0AB2600B4E2E6 /* QRCodeReaderView.m */,
				198BADF11AF0AB2600B4E2E6 /* QRCodeReaderViewController.h */,
				198BADF21AF0AB2600B4E2E6 /* QRCodeReaderViewController.m */,
			);
			name = "二维码扫描";
			sourceTree = "<group>";
		};
		198BADF61AF0B4AD00B4E2E6 /* 二维码生成 */ = {
			isa = PBXGroup;
			children = (
				198BADF71AF0B51700B4E2E6 /* QRCodeGenerator.h */,
				198BADF81AF0B51700B4E2E6 /* QRCodeGenerator.m */,
			);
			name = "二维码生成";
			sourceTree = "<group>";
		};
		19909B421AEE985200CCB721 /* Models */ = {
			isa = PBXGroup;
			children = (
				198530331B272C3300EB96F7 /* QYUser.h */,
				198530341B272C3300EB96F7 /* QYUser.m */,
				1985303E1B28B33A00EB96F7 /* userInterface.h */,
			);
			name = Models;
			sourceTree = "<group>";
		};
		19909B431AEE985700CCB721 /* Services */ = {
			isa = PBXGroup;
			children = (
				1985304B1B29CB3600EB96F7 /* QYError */,
				1985303F1B28B96700EB96F7 /* QY_XML */,
				1985303A1B2887AF00EB96F7 /* QYFileSystem */,
				198530361B2806F300EB96F7 /* JPRO */,
				19F91CF31B0F19D200264AC0 /* 联系人 */,
				196456A81B06177F00EA4E14 /* 中文字符串工具 */,
				196456A71B05D00E00EA4E14 /* 其他工具 */,
				196456961B05828B00EA4E14 /* QY_QRCode */,
				1956BAC81AFF321600C4A7F6 /* Sockets */,
			);
			name = Services;
			sourceTree = "<group>";
		};
		19909B441AEE98A500CCB721 /* Setting */ = {
			isa = PBXGroup;
			children = (
				19909B521AEEE1C300CCB721 /* QY_jclient_jrm_protocol_Marco.h */,
				19909B4A1AEE9F7400CCB721 /* QY_Common.h */,
				19909B4B1AEE9F8100CCB721 /* QY_CommonDefine.h */,
			);
			name = Setting;
			sourceTree = "<group>";
		};
		19909B451AEE98AE00CCB721 /* Views */ = {
			isa = PBXGroup;
			children = (
			);
			name = Views;
			sourceTree = "<group>";
		};
		19909B461AEE98B200CCB721 /* ThirdPart_byHand */ = {
			isa = PBXGroup;
			children = (
				6EFEFE381B0CC171001E425B /* 可伸缩TableView */,
				198BADF61AF0B4AD00B4E2E6 /* 二维码生成 */,
				198BADE91AF0AAB800B4E2E6 /* 二维码扫描 */,
			);
			name = ThirdPart_byHand;
			sourceTree = "<group>";
		};
		19909B5C1AEEECB400CCB721 /* ViewControllers */ = {
			isa = PBXGroup;
			children = (
				19ED2EEB1AECF84F00E9DBEA /* ViewController.h */,
				19ED2EEC1AECF84F00E9DBEA /* ViewController.m */,
				19ED2EEE1AECF84F00E9DBEA /* Main.storyboard */,
				19F91CF01B0E2ADF00264AC0 /* testAddressBookViewController.h */,
				19F91CF11B0E2ADF00264AC0 /* testAddressBookViewController.m */,
				198530301B27215500EB96F7 /* testNetworkViewController.h */,
				198530311B27215500EB96F7 /* testNetworkViewController.m */,
			);
			name = ViewControllers;
			sourceTree = "<group>";
		};
		19ED2ED51AECF84F00E9DBEA = {
			isa = PBXGroup;
			children = (
				19ED2EE01AECF84F00E9DBEA /* QianYan_Ios */,
				19ED2EFD1AECF84F00E9DBEA /* QianYan_IosTests */,
				19ED2EDF1AECF84F00E9DBEA /* Products */,
				21777B673703E293DF0B8110 /* Pods */,
				3652C3BCAEB78CC4CE09D590 /* Frameworks */,
			);
			sourceTree = "<group>";
		};
		19ED2EDF1AECF84F00E9DBEA /* Products */ = {
			isa = PBXGroup;
			children = (
				19ED2EDE1AECF84F00E9DBEA /* QianYan_Ios.app */,
				19ED2EFA1AECF84F00E9DBEA /* QianYan_IosTests.xctest */,
			);
			name = Products;
			sourceTree = "<group>";
		};
		19ED2EE01AECF84F00E9DBEA /* QianYan_Ios */ = {
			isa = PBXGroup;
			children = (
				19909B461AEE98B200CCB721 /* ThirdPart_byHand */,
				19909B451AEE98AE00CCB721 /* Views */,
				19909B441AEE98A500CCB721 /* Setting */,
				19909B431AEE985700CCB721 /* Services */,
				19909B421AEE985200CCB721 /* Models */,
				19ED2EE51AECF84F00E9DBEA /* AppDelegate.h */,
				19ED2EE61AECF84F00E9DBEA /* AppDelegate.m */,
				19909B5C1AEEECB400CCB721 /* ViewControllers */,
				6E316D921B08D15800F864D3 /* 模块 */,
				19ED2EF11AECF84F00E9DBEA /* Images.xcassets */,
				19ED2EF31AECF84F00E9DBEA /* LaunchScreen.xib */,
				19ED2EE81AECF84F00E9DBEA /* QianYan_Ios.xcdatamodeld */,
				19ED2EE11AECF84F00E9DBEA /* Supporting Files */,
			);
			path = QianYan_Ios;
			sourceTree = "<group>";
		};
		19ED2EE11AECF84F00E9DBEA /* Supporting Files */ = {
			isa = PBXGroup;
			children = (
				19ED2EE21AECF84F00E9DBEA /* Info.plist */,
				19ED2EE31AECF84F00E9DBEA /* main.m */,
			);
			name = "Supporting Files";
			sourceTree = "<group>";
		};
		19ED2EFD1AECF84F00E9DBEA /* QianYan_IosTests */ = {
			isa = PBXGroup;
			children = (
				19ED2F001AECF84F00E9DBEA /* QianYan_IosTests.m */,
				19ED2EFE1AECF84F00E9DBEA /* Supporting Files */,
				1964569F1B05BA5E00EA4E14 /* QianYan_QRCodeUtilsTests.m */,
				196456B91B063A7F00EA4E14 /* QianYan_ChineseStringTests.m */,
				1985304F1B2A619900EB96F7 /* fileManagerTest.m */,
			);
			path = QianYan_IosTests;
			sourceTree = "<group>";
		};
		19ED2EFE1AECF84F00E9DBEA /* Supporting Files */ = {
			isa = PBXGroup;
			children = (
				19ED2EFF1AECF84F00E9DBEA /* Info.plist */,
			);
			name = "Supporting Files";
			sourceTree = "<group>";
		};
		19F34B891B1E8B6600B624C6 /* Agent */ = {
			isa = PBXGroup;
			children = (
				19F34B8A1B1E8BFD00B624C6 /* QY_SocketServiceAgent.h */,
				19F34B8B1B1E8BFD00B624C6 /* QY_SocketServiceAgent.m */,
				19F34B8D1B1FF31700B624C6 /* QY_SocketServiceAgent+QY_SocketServiceAgent_GCD.h */,
				19F34B8E1B1FF31700B624C6 /* QY_SocketServiceAgent+QY_SocketServiceAgent_GCD.m */,
			);
			name = Agent;
			sourceTree = "<group>";
		};
		19F3AC051AFB6947002B45DD /* socketDelegaters */ = {
			isa = PBXGroup;
			children = (
				192614151B15CE4700241DDC /* JRM */,
				192614131B14E2E400241DDC /* JDAS */,
				19382E521B03367D0041F7E4 /* QY_SocketServiceDelegateNotificationCenter.h */,
				19382E531B03367D0041F7E4 /* QY_SocketServiceDelegateNotificationCenter.m */,
			);
			name = socketDelegaters;
			sourceTree = "<group>";
		};
		19F91CF31B0F19D200264AC0 /* 联系人 */ = {
			isa = PBXGroup;
			children = (
				19F91CF41B0F19F300264AC0 /* QY_contactService.h */,
				19F91CFD1B0F55D200264AC0 /* delegate */,
				19F91CF61B0F1AEC00264AC0 /* model */,
				19F91CF51B0F19FA00264AC0 /* main */,
			);
			name = "联系人";
			sourceTree = "<group>";
		};
		19F91CF51B0F19FA00264AC0 /* main */ = {
			isa = PBXGroup;
			children = (
				19F91CFA1B0F2D8000264AC0 /* QY_contactUtils.h */,
				19F91CFB1B0F2D8000264AC0 /* QY_contactUtils.m */,
			);
			name = main;
			sourceTree = "<group>";
		};
		19F91CF61B0F1AEC00264AC0 /* model */ = {
			isa = PBXGroup;
			children = (
				19F91CF71B0F1B1000264AC0 /* QY_AddressBook.h */,
				19F91CF81B0F1B1000264AC0 /* QY_AddressBook.m */,
			);
			name = model;
			sourceTree = "<group>";
		};
		19F91CFD1B0F55D200264AC0 /* delegate */ = {
			isa = PBXGroup;
			children = (
				19F91CFE1B0F55F900264AC0 /* QY_contactUtilsDelegate.h */,
			);
			name = delegate;
			sourceTree = "<group>";
		};
		21777B673703E293DF0B8110 /* Pods */ = {
			isa = PBXGroup;
			children = (
				3CD33F4688A6D206477B0FD6 /* Pods-QianYan_Ios.debug.xcconfig */,
				DAFBB40752495D47105A5F5E /* Pods-QianYan_Ios.release.xcconfig */,
				4BCFE60503547709FAB2C1E5 /* Pods-QianYan_IosTests.debug.xcconfig */,
				928F366D28C73DBE248F1F4D /* Pods-QianYan_IosTests.release.xcconfig */,
			);
			name = Pods;
			sourceTree = "<group>";
		};
		3652C3BCAEB78CC4CE09D590 /* Frameworks */ = {
			isa = PBXGroup;
			children = (
				19F91CFF1B0F591000264AC0 /* MessageUI.framework */,
				19F91CEC1B0E2A1800264AC0 /* AddressBook.framework */,
				19F91CED1B0E2A1800264AC0 /* AddressBookUI.framework */,
				11F773AF3A6D9E59DFFC3C35 /* libPods-QianYan_Ios.a */,
				B56B755DAE30BD9D1F0F95C3 /* libPods-QianYan_IosTests.a */,
			);
			name = Frameworks;
			sourceTree = "<group>";
		};
		6E316D921B08D15800F864D3 /* 模块 */ = {
			isa = PBXGroup;
			children = (
				6EFEFE321B0CC036001E425B /* 主界面 */,
				6E316D931B08D16200F864D3 /* 注册登录模块 */,
			);
			name = "模块";
			sourceTree = "<group>";
		};
		6E316D931B08D16200F864D3 /* 注册登录模块 */ = {
			isa = PBXGroup;
			children = (
				6E316D951B08D19500F864D3 /* Views */,
				6E316D941B08D17C00F864D3 /* ViewControllers */,
			);
			name = "注册登录模块";
			sourceTree = "<group>";
		};
		6E316D941B08D17C00F864D3 /* ViewControllers */ = {
			isa = PBXGroup;
			children = (
				6E2761BA1B08C03100247CCC /* RegisterViewController.h */,
				6E2761BB1B08C03100247CCC /* RegisterViewController.m */,
				6E2761BC1B08C03200247CCC /* LoginViewController.h */,
				6E2761BD1B08C03200247CCC /* LoginViewController.m */,
			);
			name = ViewControllers;
			sourceTree = "<group>";
		};
		6E316D951B08D19500F864D3 /* Views */ = {
			isa = PBXGroup;
			children = (
				6E2761B81B08BF7000247CCC /* Register&Login.storyboard */,
			);
			name = Views;
			sourceTree = "<group>";
		};
		6E67BBDD1B0F81890066C9CE /* 手机通讯录 */ = {
			isa = PBXGroup;
			children = (
				6E67BBDE1B0F81B00066C9CE /* ContactTableViewCell.h */,
				6E67BBDF1B0F81B00066C9CE /* ContactTableViewCell.m */,
				6E67BBE01B0F81B00066C9CE /* ContactTableViewController.h */,
				6E67BBE11B0F81B00066C9CE /* ContactTableViewController.m */,
			);
			name = "手机通讯录";
			sourceTree = "<group>";
		};
		6EFEFE321B0CC036001E425B /* 主界面 */ = {
			isa = PBXGroup;
			children = (
				6E67BBDD1B0F81890066C9CE /* 手机通讯录 */,
				6EFEFE331B0CC03C001E425B /* 左侧栏 */,
				6EFEFE341B0CC043001E425B /* 右侧栏 */,
				6E9BA94E1B0CB8FB009D87BE /* Drawers.storyboard */,
				6EFEFE371B0CC11E001E425B /* tab-摄像机 */,
			);
			name = "主界面";
			sourceTree = "<group>";
		};
		6EFEFE331B0CC03C001E425B /* 左侧栏 */ = {
			isa = PBXGroup;
			children = (
				6E9BA9401B0CB8FB009D87BE /* JVLeftDrawerTableViewController.h */,
				6E9BA9411B0CB8FB009D87BE /* JVLeftDrawerTableViewController.m */,
				6EFEFE361B0CC06D001E425B /* cell */,
			);
			name = "左侧栏";
			sourceTree = "<group>";
		};
		6EFEFE341B0CC043001E425B /* 右侧栏 */ = {
			isa = PBXGroup;
			children = (
				6E9BA9421B0CB8FB009D87BE /* JVRightDrawerTableViewController.h */,
				6E9BA9431B0CB8FB009D87BE /* JVRightDrawerTableViewController.m */,
				6EFEFE351B0CC060001E425B /* cell */,
			);
			name = "右侧栏";
			sourceTree = "<group>";
		};
		6EFEFE351B0CC060001E425B /* cell */ = {
			isa = PBXGroup;
			children = (
				6E9BA93E1B0CB8FB009D87BE /* JVRightDrawerTableViewCell.h */,
				6E9BA93F1B0CB8FB009D87BE /* JVRightDrawerTableViewCell.m */,
			);
			name = cell;
			sourceTree = "<group>";
		};
		6EFEFE361B0CC06D001E425B /* cell */ = {
			isa = PBXGroup;
			children = (
				6E9BA93C1B0CB8FB009D87BE /* JVLeftDrawerTableViewCell.h */,
				6E9BA93D1B0CB8FB009D87BE /* JVLeftDrawerTableViewCell.m */,
			);
			name = cell;
			sourceTree = "<group>";
		};
		6EFEFE371B0CC11E001E425B /* tab-摄像机 */ = {
			isa = PBXGroup;
			children = (
				6E9BA9461B0CB8FB009D87BE /* CameraViewController.h */,
				6E9BA9471B0CB8FB009D87BE /* CameraViewController.m */,
			);
			name = "tab-摄像机";
			sourceTree = "<group>";
		};
		6EFEFE381B0CC171001E425B /* 可伸缩TableView */ = {
			isa = PBXGroup;
			children = (
				6E9BA9481B0CB8FB009D87BE /* SKSTableView.h */,
				6E9BA9491B0CB8FB009D87BE /* SKSTableView.m */,
				6E9BA94A1B0CB8FB009D87BE /* SKSTableViewCell.h */,
				6E9BA94B1B0CB8FB009D87BE /* SKSTableViewCell.m */,
				6E9BA94C1B0CB8FB009D87BE /* SKSTableViewCellIndicator.h */,
				6E9BA94D1B0CB8FB009D87BE /* SKSTableViewCellIndicator.m */,
			);
			name = "可伸缩TableView";
			sourceTree = "<group>";
		};
/* End PBXGroup section */

/* Begin PBXNativeTarget section */
		19ED2EDD1AECF84F00E9DBEA /* QianYan_Ios */ = {
			isa = PBXNativeTarget;
			buildConfigurationList = 19ED2F041AECF84F00E9DBEA /* Build configuration list for PBXNativeTarget "QianYan_Ios" */;
			buildPhases = (
				25B847DA2627AB8ED09381E7 /* Check Pods Manifest.lock */,
				19ED2EDA1AECF84F00E9DBEA /* Sources */,
				19ED2EDB1AECF84F00E9DBEA /* Frameworks */,
				19ED2EDC1AECF84F00E9DBEA /* Resources */,
				B3C569F6A01DC9B0AAC632E7 /* Copy Pods Resources */,
			);
			buildRules = (
			);
			dependencies = (
			);
			name = QianYan_Ios;
			productName = QianYan_Ios;
			productReference = 19ED2EDE1AECF84F00E9DBEA /* QianYan_Ios.app */;
			productType = "com.apple.product-type.application";
		};
		19ED2EF91AECF84F00E9DBEA /* QianYan_IosTests */ = {
			isa = PBXNativeTarget;
			buildConfigurationList = 19ED2F071AECF84F00E9DBEA /* Build configuration list for PBXNativeTarget "QianYan_IosTests" */;
			buildPhases = (
				6F371F6A77C18D796E56AD27 /* Check Pods Manifest.lock */,
				19ED2EF61AECF84F00E9DBEA /* Sources */,
				19ED2EF71AECF84F00E9DBEA /* Frameworks */,
				19ED2EF81AECF84F00E9DBEA /* Resources */,
				FB93D469641EAB634D98AAB5 /* Copy Pods Resources */,
			);
			buildRules = (
			);
			dependencies = (
				19ED2EFC1AECF84F00E9DBEA /* PBXTargetDependency */,
			);
			name = QianYan_IosTests;
			productName = QianYan_IosTests;
			productReference = 19ED2EFA1AECF84F00E9DBEA /* QianYan_IosTests.xctest */;
			productType = "com.apple.product-type.bundle.unit-test";
		};
/* End PBXNativeTarget section */

/* Begin PBXProject section */
		19ED2ED61AECF84F00E9DBEA /* Project object */ = {
			isa = PBXProject;
			attributes = {
				LastUpgradeCheck = 0610;
				ORGANIZATIONNAME = "虎猫儿";
				TargetAttributes = {
					19ED2EDD1AECF84F00E9DBEA = {
						CreatedOnToolsVersion = 6.1.1;
						DevelopmentTeam = TX7PFT8X7E;
					};
					19ED2EF91AECF84F00E9DBEA = {
						CreatedOnToolsVersion = 6.1.1;
						TestTargetID = 19ED2EDD1AECF84F00E9DBEA;
					};
				};
			};
			buildConfigurationList = 19ED2ED91AECF84F00E9DBEA /* Build configuration list for PBXProject "QianYan_Ios" */;
			compatibilityVersion = "Xcode 3.2";
			developmentRegion = English;
			hasScannedForEncodings = 0;
			knownRegions = (
				en,
				Base,
			);
			mainGroup = 19ED2ED51AECF84F00E9DBEA;
			productRefGroup = 19ED2EDF1AECF84F00E9DBEA /* Products */;
			projectDirPath = "";
			projectRoot = "";
			targets = (
				19ED2EDD1AECF84F00E9DBEA /* QianYan_Ios */,
				19ED2EF91AECF84F00E9DBEA /* QianYan_IosTests */,
			);
		};
/* End PBXProject section */

/* Begin PBXResourcesBuildPhase section */
		19ED2EDC1AECF84F00E9DBEA /* Resources */ = {
			isa = PBXResourcesBuildPhase;
			buildActionMask = 2147483647;
			files = (
				6E9BA9581B0CB8FB009D87BE /* Drawers.storyboard in Resources */,
				6E2761B91B08BF7000247CCC /* Register&Login.storyboard in Resources */,
				19ED2EF01AECF84F00E9DBEA /* Main.storyboard in Resources */,
				19ED2EF51AECF84F00E9DBEA /* LaunchScreen.xib in Resources */,
				19ED2EF21AECF84F00E9DBEA /* Images.xcassets in Resources */,
			);
			runOnlyForDeploymentPostprocessing = 0;
		};
		19ED2EF81AECF84F00E9DBEA /* Resources */ = {
			isa = PBXResourcesBuildPhase;
			buildActionMask = 2147483647;
			files = (
			);
			runOnlyForDeploymentPostprocessing = 0;
		};
/* End PBXResourcesBuildPhase section */

/* Begin PBXShellScriptBuildPhase section */
		25B847DA2627AB8ED09381E7 /* Check Pods Manifest.lock */ = {
			isa = PBXShellScriptBuildPhase;
			buildActionMask = 2147483647;
			files = (
			);
			inputPaths = (
			);
			name = "Check Pods Manifest.lock";
			outputPaths = (
			);
			runOnlyForDeploymentPostprocessing = 0;
			shellPath = /bin/sh;
			shellScript = "diff \"${PODS_ROOT}/../Podfile.lock\" \"${PODS_ROOT}/Manifest.lock\" > /dev/null\nif [[ $? != 0 ]] ; then\n    cat << EOM\nerror: The sandbox is not in sync with the Podfile.lock. Run 'pod install' or update your CocoaPods installation.\nEOM\n    exit 1\nfi\n";
			showEnvVarsInLog = 0;
		};
		6F371F6A77C18D796E56AD27 /* Check Pods Manifest.lock */ = {
			isa = PBXShellScriptBuildPhase;
			buildActionMask = 2147483647;
			files = (
			);
			inputPaths = (
			);
			name = "Check Pods Manifest.lock";
			outputPaths = (
			);
			runOnlyForDeploymentPostprocessing = 0;
			shellPath = /bin/sh;
			shellScript = "diff \"${PODS_ROOT}/../Podfile.lock\" \"${PODS_ROOT}/Manifest.lock\" > /dev/null\nif [[ $? != 0 ]] ; then\n    cat << EOM\nerror: The sandbox is not in sync with the Podfile.lock. Run 'pod install' or update your CocoaPods installation.\nEOM\n    exit 1\nfi\n";
			showEnvVarsInLog = 0;
		};
		B3C569F6A01DC9B0AAC632E7 /* Copy Pods Resources */ = {
			isa = PBXShellScriptBuildPhase;
			buildActionMask = 2147483647;
			files = (
			);
			inputPaths = (
			);
			name = "Copy Pods Resources";
			outputPaths = (
			);
			runOnlyForDeploymentPostprocessing = 0;
			shellPath = /bin/sh;
			shellScript = "\"${SRCROOT}/Pods/Target Support Files/Pods-QianYan_Ios/Pods-QianYan_Ios-resources.sh\"\n";
			showEnvVarsInLog = 0;
		};
		FB93D469641EAB634D98AAB5 /* Copy Pods Resources */ = {
			isa = PBXShellScriptBuildPhase;
			buildActionMask = 2147483647;
			files = (
			);
			inputPaths = (
			);
			name = "Copy Pods Resources";
			outputPaths = (
			);
			runOnlyForDeploymentPostprocessing = 0;
			shellPath = /bin/sh;
			shellScript = "\"${SRCROOT}/Pods/Target Support Files/Pods-QianYan_IosTests/Pods-QianYan_IosTests-resources.sh\"\n";
			showEnvVarsInLog = 0;
		};
/* End PBXShellScriptBuildPhase section */

/* Begin PBXSourcesBuildPhase section */
		19ED2EDA1AECF84F00E9DBEA /* Sources */ = {
			isa = PBXSourcesBuildPhase;
			buildActionMask = 2147483647;
			files = (
				19D6CFCE1AFE5181004A0B19 /* QY_JRMDataPhraser.m in Sources */,
				198530541B2B669900EB96F7 /* QY_JPROUrlFactor.m in Sources */,
				1956BACB1AFF323C00C4A7F6 /* QY_JRMDataPacket.m in Sources */,
				6E67BBE21B0F81B00066C9CE /* ContactTableViewCell.m in Sources */,
				6E2761BF1B08C03200247CCC /* LoginViewController.m in Sources */,
				198530391B28075500EB96F7 /* QY_JPROHttpService.m in Sources */,
				19F34B8C1B1E8BFD00B624C6 /* QY_SocketServiceAgent.m in Sources */,
				19F3AC041AFB6941002B45DD /* QY_JRMSocketDelegater.m in Sources */,
				196456B11B0617F800EA4E14 /* QY_ChineseStringUtils.m in Sources */,
				1938CCB81B24BC2B009C4AE5 /* JRMDataParseUtils.m in Sources */,
				1938CCBB1B24BCEA009C4AE5 /* JRMDataFormatUtils.m in Sources */,
				6E9BA9521B0CB8FB009D87BE /* JVRightDrawerTableViewController.m in Sources */,
				6E9BA9501B0CB8FB009D87BE /* JVRightDrawerTableViewCell.m in Sources */,
				19A695381AFB32F000F60D03 /* QY_JDASSocketDelegater.m in Sources */,
				198BADF41AF0AB2600B4E2E6 /* QRCodeReaderView.m in Sources */,
				6E67BBE31B0F81B00066C9CE /* ContactTableViewController.m in Sources */,
				194E391A1B00832F00BA4473 /* NSString+QY_dataFormat.m in Sources */,
				19ED2EE71AECF84F00E9DBEA /* AppDelegate.m in Sources */,
				19909B4E1AEEA04900CCB721 /* QYUtils.m in Sources */,
				19ED2EEA1AECF84F00E9DBEA /* QianYan_Ios.xcdatamodeld in Sources */,
				1985303D1B2887CD00EB96F7 /* QY_FileService.m in Sources */,
				19382E541B03367D0041F7E4 /* QY_SocketServiceDelegateNotificationCenter.m in Sources */,
				196456A41B05C09B00EA4E14 /* QY_QRCodeReaderDelegater.m in Sources */,
				198BADF31AF0AB2600B4E2E6 /* QRCameraSwitchButton.m in Sources */,
				196456AB1B0617A700EA4E14 /* pinyin.c in Sources */,
				1964569E1B058D4000EA4E14 /* QY_QRCodeUtils.m in Sources */,
				6E2761BE1B08C03200247CCC /* RegisterViewController.m in Sources */,
				198530471B28B9AF00EB96F7 /* QY_XMLPhraser.m in Sources */,
				198530351B272C3300EB96F7 /* QYUser.m in Sources */,
				19ED2EED1AECF84F00E9DBEA /* ViewController.m in Sources */,
				19F91CFC1B0F2D8000264AC0 /* QY_contactUtils.m in Sources */,
				194E391D1B00DAB600BA4473 /* NSData+QY_dataFormat.m in Sources */,
				6E9BA9561B0CB8FB009D87BE /* SKSTableViewCell.m in Sources */,
				19F91CF21B0E2ADF00264AC0 /* testAddressBookViewController.m in Sources */,
				196456AE1B0617D000EA4E14 /* ChineseString.m in Sources */,
				6E9BA94F1B0CB8FB009D87BE /* JVLeftDrawerTableViewCell.m in Sources */,
				19909B491AEE9F4B00CCB721 /* QY_SocketService.m in Sources */,
				198530421B28B98B00EB96F7 /* QY_XMLService.m in Sources */,
				6E9BA9551B0CB8FB009D87BE /* SKSTableView.m in Sources */,
				1938CCB41B24ACB4009C4AE5 /* JRMvalue.m in Sources */,
				19F34B8F1B1FF31700B624C6 /* QY_SocketServiceAgent+QY_SocketServiceAgent_GCD.m in Sources */,
				6E9BA9571B0CB8FB009D87BE /* SKSTableViewCellIndicator.m in Sources */,
				6E9BA9541B0CB8FB009D87BE /* CameraViewController.m in Sources */,
				198530321B27215500EB96F7 /* testNetworkViewController.m in Sources */,
				19F91CF91B0F1B1000264AC0 /* QY_AddressBook.m in Sources */,
				198BADF51AF0AB2600B4E2E6 /* QRCodeReaderViewController.m in Sources */,
				1938CCB11B24AC32009C4AE5 /* JRMvalueDescription.m in Sources */,
				1985304A1B28B9BC00EB96F7 /* QY_XMLFormatter.m in Sources */,
				19909B5B1AEEEC4600CCB721 /* QY_JRMDataPacketFactor.m in Sources */,
				198BADF91AF0B51700B4E2E6 /* QRCodeGenerator.m in Sources */,
				19A6953B1AFB44C500F60D03 /* QYNotify.m in Sources */,
				19ED2EE41AECF84F00E9DBEA /* main.m in Sources */,
				1985304E1B29D5EA00EB96F7 /* NSError+QYError.m in Sources */,
				6E9BA9511B0CB8FB009D87BE /* JVLeftDrawerTableViewController.m in Sources */,
			);
			runOnlyForDeploymentPostprocessing = 0;
		};
		19ED2EF61AECF84F00E9DBEA /* Sources */ = {
			isa = PBXSourcesBuildPhase;
			buildActionMask = 2147483647;
			files = (
				196456BA1B063A7F00EA4E14 /* QianYan_ChineseStringTests.m in Sources */,
				19ED2F011AECF84F00E9DBEA /* QianYan_IosTests.m in Sources */,
				196456A01B05BA5E00EA4E14 /* QianYan_QRCodeUtilsTests.m in Sources */,
				198530501B2A619900EB96F7 /* fileManagerTest.m in Sources */,
			);
			runOnlyForDeploymentPostprocessing = 0;
		};
/* End PBXSourcesBuildPhase section */

/* Begin PBXTargetDependency section */
		19ED2EFC1AECF84F00E9DBEA /* PBXTargetDependency */ = {
			isa = PBXTargetDependency;
			target = 19ED2EDD1AECF84F00E9DBEA /* QianYan_Ios */;
			targetProxy = 19ED2EFB1AECF84F00E9DBEA /* PBXContainerItemProxy */;
		};
/* End PBXTargetDependency section */

/* Begin PBXVariantGroup section */
		19ED2EEE1AECF84F00E9DBEA /* Main.storyboard */ = {
			isa = PBXVariantGroup;
			children = (
				19ED2EEF1AECF84F00E9DBEA /* Base */,
			);
			name = Main.storyboard;
			sourceTree = "<group>";
		};
		19ED2EF31AECF84F00E9DBEA /* LaunchScreen.xib */ = {
			isa = PBXVariantGroup;
			children = (
				19ED2EF41AECF84F00E9DBEA /* Base */,
			);
			name = LaunchScreen.xib;
			sourceTree = "<group>";
		};
/* End PBXVariantGroup section */

/* Begin XCBuildConfiguration section */
		19ED2F021AECF84F00E9DBEA /* Debug */ = {
			isa = XCBuildConfiguration;
			buildSettings = {
				ALWAYS_SEARCH_USER_PATHS = NO;
				CLANG_CXX_LANGUAGE_STANDARD = "gnu++0x";
				CLANG_CXX_LIBRARY = "libc++";
				CLANG_ENABLE_MODULES = YES;
				CLANG_ENABLE_OBJC_ARC = YES;
				CLANG_WARN_BOOL_CONVERSION = YES;
				CLANG_WARN_CONSTANT_CONVERSION = YES;
				CLANG_WARN_DIRECT_OBJC_ISA_USAGE = YES_ERROR;
				CLANG_WARN_EMPTY_BODY = YES;
				CLANG_WARN_ENUM_CONVERSION = YES;
				CLANG_WARN_INT_CONVERSION = YES;
				CLANG_WARN_OBJC_ROOT_CLASS = YES_ERROR;
				CLANG_WARN_UNREACHABLE_CODE = YES;
				CLANG_WARN__DUPLICATE_METHOD_MATCH = YES;
				"CODE_SIGN_IDENTITY[sdk=iphoneos*]" = "iPhone Developer";
				COPY_PHASE_STRIP = NO;
				ENABLE_STRICT_OBJC_MSGSEND = YES;
				GCC_C_LANGUAGE_STANDARD = gnu99;
				GCC_DYNAMIC_NO_PIC = NO;
				GCC_OPTIMIZATION_LEVEL = 0;
				GCC_PREPROCESSOR_DEFINITIONS = (
					"DEBUG=1",
					"$(inherited)",
				);
				GCC_SYMBOLS_PRIVATE_EXTERN = NO;
				GCC_WARN_64_TO_32_BIT_CONVERSION = YES;
				GCC_WARN_ABOUT_RETURN_TYPE = YES_ERROR;
				GCC_WARN_UNDECLARED_SELECTOR = YES;
				GCC_WARN_UNINITIALIZED_AUTOS = YES_AGGRESSIVE;
				GCC_WARN_UNUSED_FUNCTION = YES;
				GCC_WARN_UNUSED_VARIABLE = YES;
				IPHONEOS_DEPLOYMENT_TARGET = 8.1;
				MTL_ENABLE_DEBUG_INFO = YES;
				ONLY_ACTIVE_ARCH = YES;
				SDKROOT = iphoneos;
			};
			name = Debug;
		};
		19ED2F031AECF84F00E9DBEA /* Release */ = {
			isa = XCBuildConfiguration;
			buildSettings = {
				ALWAYS_SEARCH_USER_PATHS = NO;
				CLANG_CXX_LANGUAGE_STANDARD = "gnu++0x";
				CLANG_CXX_LIBRARY = "libc++";
				CLANG_ENABLE_MODULES = YES;
				CLANG_ENABLE_OBJC_ARC = YES;
				CLANG_WARN_BOOL_CONVERSION = YES;
				CLANG_WARN_CONSTANT_CONVERSION = YES;
				CLANG_WARN_DIRECT_OBJC_ISA_USAGE = YES_ERROR;
				CLANG_WARN_EMPTY_BODY = YES;
				CLANG_WARN_ENUM_CONVERSION = YES;
				CLANG_WARN_INT_CONVERSION = YES;
				CLANG_WARN_OBJC_ROOT_CLASS = YES_ERROR;
				CLANG_WARN_UNREACHABLE_CODE = YES;
				CLANG_WARN__DUPLICATE_METHOD_MATCH = YES;
				"CODE_SIGN_IDENTITY[sdk=iphoneos*]" = "iPhone Developer";
				COPY_PHASE_STRIP = YES;
				ENABLE_NS_ASSERTIONS = NO;
				ENABLE_STRICT_OBJC_MSGSEND = YES;
				GCC_C_LANGUAGE_STANDARD = gnu99;
				GCC_WARN_64_TO_32_BIT_CONVERSION = YES;
				GCC_WARN_ABOUT_RETURN_TYPE = YES_ERROR;
				GCC_WARN_UNDECLARED_SELECTOR = YES;
				GCC_WARN_UNINITIALIZED_AUTOS = YES_AGGRESSIVE;
				GCC_WARN_UNUSED_FUNCTION = YES;
				GCC_WARN_UNUSED_VARIABLE = YES;
				IPHONEOS_DEPLOYMENT_TARGET = 8.1;
				MTL_ENABLE_DEBUG_INFO = NO;
				SDKROOT = iphoneos;
				VALIDATE_PRODUCT = YES;
			};
			name = Release;
		};
		19ED2F051AECF84F00E9DBEA /* Debug */ = {
			isa = XCBuildConfiguration;
			baseConfigurationReference = 3CD33F4688A6D206477B0FD6 /* Pods-QianYan_Ios.debug.xcconfig */;
			buildSettings = {
				ASSETCATALOG_COMPILER_APPICON_NAME = AppIcon;
				CODE_SIGN_IDENTITY = "iPhone Developer";
				INFOPLIST_FILE = QianYan_Ios/Info.plist;
				IPHONEOS_DEPLOYMENT_TARGET = 8.0;
				LD_RUNPATH_SEARCH_PATHS = "$(inherited) @executable_path/Frameworks";
				PRODUCT_NAME = "$(TARGET_NAME)";
				TARGETED_DEVICE_FAMILY = 1;
			};
			name = Debug;
		};
		19ED2F061AECF84F00E9DBEA /* Release */ = {
			isa = XCBuildConfiguration;
			baseConfigurationReference = DAFBB40752495D47105A5F5E /* Pods-QianYan_Ios.release.xcconfig */;
			buildSettings = {
				ASSETCATALOG_COMPILER_APPICON_NAME = AppIcon;
				CODE_SIGN_IDENTITY = "iPhone Developer";
				INFOPLIST_FILE = QianYan_Ios/Info.plist;
				IPHONEOS_DEPLOYMENT_TARGET = 8.0;
				LD_RUNPATH_SEARCH_PATHS = "$(inherited) @executable_path/Frameworks";
				PRODUCT_NAME = "$(TARGET_NAME)";
				TARGETED_DEVICE_FAMILY = 1;
			};
			name = Release;
		};
		19ED2F081AECF84F00E9DBEA /* Debug */ = {
			isa = XCBuildConfiguration;
			baseConfigurationReference = 4BCFE60503547709FAB2C1E5 /* Pods-QianYan_IosTests.debug.xcconfig */;
			buildSettings = {
				BUNDLE_LOADER = "$(TEST_HOST)";
				FRAMEWORK_SEARCH_PATHS = (
					"$(SDKROOT)/Developer/Library/Frameworks",
					"$(inherited)",
				);
				GCC_PREPROCESSOR_DEFINITIONS = (
					"DEBUG=1",
					"$(inherited)",
				);
				INFOPLIST_FILE = QianYan_IosTests/Info.plist;
				LD_RUNPATH_SEARCH_PATHS = "$(inherited) @executable_path/Frameworks @loader_path/Frameworks";
				PRODUCT_NAME = "$(TARGET_NAME)";
				TEST_HOST = "$(BUILT_PRODUCTS_DIR)/QianYan_Ios.app/QianYan_Ios";
			};
			name = Debug;
		};
		19ED2F091AECF84F00E9DBEA /* Release */ = {
			isa = XCBuildConfiguration;
			baseConfigurationReference = 928F366D28C73DBE248F1F4D /* Pods-QianYan_IosTests.release.xcconfig */;
			buildSettings = {
				BUNDLE_LOADER = "$(TEST_HOST)";
				FRAMEWORK_SEARCH_PATHS = (
					"$(SDKROOT)/Developer/Library/Frameworks",
					"$(inherited)",
				);
				INFOPLIST_FILE = QianYan_IosTests/Info.plist;
				LD_RUNPATH_SEARCH_PATHS = "$(inherited) @executable_path/Frameworks @loader_path/Frameworks";
				PRODUCT_NAME = "$(TARGET_NAME)";
				TEST_HOST = "$(BUILT_PRODUCTS_DIR)/QianYan_Ios.app/QianYan_Ios";
			};
			name = Release;
		};
/* End XCBuildConfiguration section */

/* Begin XCConfigurationList section */
		19ED2ED91AECF84F00E9DBEA /* Build configuration list for PBXProject "QianYan_Ios" */ = {
			isa = XCConfigurationList;
			buildConfigurations = (
				19ED2F021AECF84F00E9DBEA /* Debug */,
				19ED2F031AECF84F00E9DBEA /* Release */,
			);
			defaultConfigurationIsVisible = 0;
			defaultConfigurationName = Release;
		};
		19ED2F041AECF84F00E9DBEA /* Build configuration list for PBXNativeTarget "QianYan_Ios" */ = {
			isa = XCConfigurationList;
			buildConfigurations = (
				19ED2F051AECF84F00E9DBEA /* Debug */,
				19ED2F061AECF84F00E9DBEA /* Release */,
			);
			defaultConfigurationIsVisible = 0;
			defaultConfigurationName = Release;
		};
		19ED2F071AECF84F00E9DBEA /* Build configuration list for PBXNativeTarget "QianYan_IosTests" */ = {
			isa = XCConfigurationList;
			buildConfigurations = (
				19ED2F081AECF84F00E9DBEA /* Debug */,
				19ED2F091AECF84F00E9DBEA /* Release */,
			);
			defaultConfigurationIsVisible = 0;
			defaultConfigurationName = Release;
		};
/* End XCConfigurationList section */

/* Begin XCVersionGroup section */
		19ED2EE81AECF84F00E9DBEA /* QianYan_Ios.xcdatamodeld */ = {
			isa = XCVersionGroup;
			children = (
				19ED2EE91AECF84F00E9DBEA /* QianYan_Ios.xcdatamodel */,
			);
			currentVersion = 19ED2EE91AECF84F00E9DBEA /* QianYan_Ios.xcdatamodel */;
			path = QianYan_Ios.xcdatamodeld;
			sourceTree = "<group>";
			versionGroupType = wrapper.xcdatamodel;
		};
/* End XCVersionGroup section */
	};
	rootObject = 19ED2ED61AECF84F00E9DBEA /* Project object */;
}
