// !$*UTF8*$!
{
	archiveVersion = 1;
	classes = {
	};
	objectVersion = 46;
	objects = {

/* Begin PBXBuildFile section */
		19909B491AEE9F4B00CCB721 /* QY_SocketService.m in Sources */ = {isa = PBXBuildFile; fileRef = 19909B481AEE9F4B00CCB721 /* QY_SocketService.m */; };
		19909B4E1AEEA04900CCB721 /* QYUtils.m in Sources */ = {isa = PBXBuildFile; fileRef = 19909B4D1AEEA04900CCB721 /* QYUtils.m */; };
		19909B5B1AEEEC4600CCB721 /* QY_dataPacketFactor.m in Sources */ = {isa = PBXBuildFile; fileRef = 19909B5A1AEEEC4600CCB721 /* QY_dataPacketFactor.m */; };
		19ED2EE41AECF84F00E9DBEA /* main.m in Sources */ = {isa = PBXBuildFile; fileRef = 19ED2EE31AECF84F00E9DBEA /* main.m */; };
		19ED2EE71AECF84F00E9DBEA /* AppDelegate.m in Sources */ = {isa = PBXBuildFile; fileRef = 19ED2EE61AECF84F00E9DBEA /* AppDelegate.m */; };
		19ED2EEA1AECF84F00E9DBEA /* QianYan_Ios.xcdatamodeld in Sources */ = {isa = PBXBuildFile; fileRef = 19ED2EE81AECF84F00E9DBEA /* QianYan_Ios.xcdatamodeld */; };
		19ED2EED1AECF84F00E9DBEA /* ViewController.m in Sources */ = {isa = PBXBuildFile; fileRef = 19ED2EEC1AECF84F00E9DBEA /* ViewController.m */; };
		19ED2EF01AECF84F00E9DBEA /* Main.storyboard in Resources */ = {isa = PBXBuildFile; fileRef = 19ED2EEE1AECF84F00E9DBEA /* Main.storyboard */; };
		19ED2EF21AECF84F00E9DBEA /* Images.xcassets in Resources */ = {isa = PBXBuildFile; fileRef = 19ED2EF11AECF84F00E9DBEA /* Images.xcassets */; };
		19ED2EF51AECF84F00E9DBEA /* LaunchScreen.xib in Resources */ = {isa = PBXBuildFile; fileRef = 19ED2EF31AECF84F00E9DBEA /* LaunchScreen.xib */; };
		19ED2F011AECF84F00E9DBEA /* QianYan_IosTests.m in Sources */ = {isa = PBXBuildFile; fileRef = 19ED2F001AECF84F00E9DBEA /* QianYan_IosTests.m */; };
		2E198AB0F8530161A1BAD09F /* libPods-QianYan_Ios.a in Frameworks */ = {isa = PBXBuildFile; fileRef = 11F773AF3A6D9E59DFFC3C35 /* libPods-QianYan_Ios.a */; };
		AA52CF7D27ECBDC70F67D76F /* libPods-QianYan_IosTests.a in Frameworks */ = {isa = PBXBuildFile; fileRef = B56B755DAE30BD9D1F0F95C3 /* libPods-QianYan_IosTests.a */; };
/* End PBXBuildFile section */

/* Begin PBXContainerItemProxy section */
		19ED2EFB1AECF84F00E9DBEA /* PBXContainerItemProxy */ = {
			isa = PBXContainerItemProxy;
			containerPortal = 19ED2ED61AECF84F00E9DBEA /* Project object */;
			proxyType = 1;
			remoteGlobalIDString = 19ED2EDD1AECF84F00E9DBEA;
			remoteInfo = QianYan_Ios;
		};
/* End PBXContainerItemProxy section */

/* Begin PBXFileReference section */
		11F773AF3A6D9E59DFFC3C35 /* libPods-QianYan_Ios.a */ = {isa = PBXFileReference; explicitFileType = archive.ar; includeInIndex = 0; path = "libPods-QianYan_Ios.a"; sourceTree = BUILT_PRODUCTS_DIR; };
		19909B471AEE9F4B00CCB721 /* QY_SocketService.h */ = {isa = PBXFileReference; fileEncoding = 4; lastKnownFileType = sourcecode.c.h; path = QY_SocketService.h; sourceTree = "<group>"; };
		19909B481AEE9F4B00CCB721 /* QY_SocketService.m */ = {isa = PBXFileReference; fileEncoding = 4; lastKnownFileType = sourcecode.c.objc; path = QY_SocketService.m; sourceTree = "<group>"; };
		19909B4A1AEE9F7400CCB721 /* QY_Common.h */ = {isa = PBXFileReference; lastKnownFileType = sourcecode.c.h; path = QY_Common.h; sourceTree = "<group>"; };
		19909B4B1AEE9F8100CCB721 /* QY_CommonDefine.h */ = {isa = PBXFileReference; lastKnownFileType = sourcecode.c.h; path = QY_CommonDefine.h; sourceTree = "<group>"; };
		19909B4C1AEEA04900CCB721 /* QYUtils.h */ = {isa = PBXFileReference; fileEncoding = 4; lastKnownFileType = sourcecode.c.h; path = QYUtils.h; sourceTree = "<group>"; };
		19909B4D1AEEA04900CCB721 /* QYUtils.m */ = {isa = PBXFileReference; fileEncoding = 4; lastKnownFileType = sourcecode.c.objc; path = QYUtils.m; sourceTree = "<group>"; };
		19909B521AEEE1C300CCB721 /* QY_jclient_jrm_protocol_Marco.h */ = {isa = PBXFileReference; lastKnownFileType = sourcecode.c.h; path = QY_jclient_jrm_protocol_Marco.h; sourceTree = "<group>"; };
		19909B591AEEEC4600CCB721 /* QY_dataPacketFactor.h */ = {isa = PBXFileReference; fileEncoding = 4; lastKnownFileType = sourcecode.c.h; path = QY_dataPacketFactor.h; sourceTree = "<group>"; };
		19909B5A1AEEEC4600CCB721 /* QY_dataPacketFactor.m */ = {isa = PBXFileReference; fileEncoding = 4; lastKnownFileType = sourcecode.c.objc; path = QY_dataPacketFactor.m; sourceTree = "<group>"; };
		19ED2EDE1AECF84F00E9DBEA /* QianYan_Ios.app */ = {isa = PBXFileReference; explicitFileType = wrapper.application; includeInIndex = 0; path = QianYan_Ios.app; sourceTree = BUILT_PRODUCTS_DIR; };
		19ED2EE21AECF84F00E9DBEA /* Info.plist */ = {isa = PBXFileReference; lastKnownFileType = text.plist.xml; path = Info.plist; sourceTree = "<group>"; };
		19ED2EE31AECF84F00E9DBEA /* main.m */ = {isa = PBXFileReference; lastKnownFileType = sourcecode.c.objc; path = main.m; sourceTree = "<group>"; };
		19ED2EE51AECF84F00E9DBEA /* AppDelegate.h */ = {isa = PBXFileReference; lastKnownFileType = sourcecode.c.h; path = AppDelegate.h; sourceTree = "<group>"; };
		19ED2EE61AECF84F00E9DBEA /* AppDelegate.m */ = {isa = PBXFileReference; lastKnownFileType = sourcecode.c.objc; path = AppDelegate.m; sourceTree = "<group>"; };
		19ED2EE91AECF84F00E9DBEA /* QianYan_Ios.xcdatamodel */ = {isa = PBXFileReference; lastKnownFileType = wrapper.xcdatamodel; path = QianYan_Ios.xcdatamodel; sourceTree = "<group>"; };
		19ED2EEB1AECF84F00E9DBEA /* ViewController.h */ = {isa = PBXFileReference; lastKnownFileType = sourcecode.c.h; path = ViewController.h; sourceTree = "<group>"; };
		19ED2EEC1AECF84F00E9DBEA /* ViewController.m */ = {isa = PBXFileReference; lastKnownFileType = sourcecode.c.objc; path = ViewController.m; sourceTree = "<group>"; };
		19ED2EEF1AECF84F00E9DBEA /* Base */ = {isa = PBXFileReference; lastKnownFileType = file.storyboard; name = Base; path = Base.lproj/Main.storyboard; sourceTree = "<group>"; };
		19ED2EF11AECF84F00E9DBEA /* Images.xcassets */ = {isa = PBXFileReference; lastKnownFileType = folder.assetcatalog; path = Images.xcassets; sourceTree = "<group>"; };
		19ED2EF41AECF84F00E9DBEA /* Base */ = {isa = PBXFileReference; lastKnownFileType = file.xib; name = Base; path = Base.lproj/LaunchScreen.xib; sourceTree = "<group>"; };
		19ED2EFA1AECF84F00E9DBEA /* QianYan_IosTests.xctest */ = {isa = PBXFileReference; explicitFileType = wrapper.cfbundle; includeInIndex = 0; path = QianYan_IosTests.xctest; sourceTree = BUILT_PRODUCTS_DIR; };
		19ED2EFF1AECF84F00E9DBEA /* Info.plist */ = {isa = PBXFileReference; lastKnownFileType = text.plist.xml; path = Info.plist; sourceTree = "<group>"; };
		19ED2F001AECF84F00E9DBEA /* QianYan_IosTests.m */ = {isa = PBXFileReference; lastKnownFileType = sourcecode.c.objc; path = QianYan_IosTests.m; sourceTree = "<group>"; };
		3CD33F4688A6D206477B0FD6 /* Pods-QianYan_Ios.debug.xcconfig */ = {isa = PBXFileReference; includeInIndex = 1; lastKnownFileType = text.xcconfig; name = "Pods-QianYan_Ios.debug.xcconfig"; path = "Pods/Target Support Files/Pods-QianYan_Ios/Pods-QianYan_Ios.debug.xcconfig"; sourceTree = "<group>"; };
		4BCFE60503547709FAB2C1E5 /* Pods-QianYan_IosTests.debug.xcconfig */ = {isa = PBXFileReference; includeInIndex = 1; lastKnownFileType = text.xcconfig; name = "Pods-QianYan_IosTests.debug.xcconfig"; path = "Pods/Target Support Files/Pods-QianYan_IosTests/Pods-QianYan_IosTests.debug.xcconfig"; sourceTree = "<group>"; };
		928F366D28C73DBE248F1F4D /* Pods-QianYan_IosTests.release.xcconfig */ = {isa = PBXFileReference; includeInIndex = 1; lastKnownFileType = text.xcconfig; name = "Pods-QianYan_IosTests.release.xcconfig"; path = "Pods/Target Support Files/Pods-QianYan_IosTests/Pods-QianYan_IosTests.release.xcconfig"; sourceTree = "<group>"; };
		B56B755DAE30BD9D1F0F95C3 /* libPods-QianYan_IosTests.a */ = {isa = PBXFileReference; explicitFileType = archive.ar; includeInIndex = 0; path = "libPods-QianYan_IosTests.a"; sourceTree = BUILT_PRODUCTS_DIR; };
		DAFBB40752495D47105A5F5E /* Pods-QianYan_Ios.release.xcconfig */ = {isa = PBXFileReference; includeInIndex = 1; lastKnownFileType = text.xcconfig; name = "Pods-QianYan_Ios.release.xcconfig"; path = "Pods/Target Support Files/Pods-QianYan_Ios/Pods-QianYan_Ios.release.xcconfig"; sourceTree = "<group>"; };
/* End PBXFileReference section */

/* Begin PBXFrameworksBuildPhase section */
		19ED2EDB1AECF84F00E9DBEA /* Frameworks */ = {
			isa = PBXFrameworksBuildPhase;
			buildActionMask = 2147483647;
			files = (
				2E198AB0F8530161A1BAD09F /* libPods-QianYan_Ios.a in Frameworks */,
			);
			runOnlyForDeploymentPostprocessing = 0;
		};
		19ED2EF71AECF84F00E9DBEA /* Frameworks */ = {
			isa = PBXFrameworksBuildPhase;
			buildActionMask = 2147483647;
			files = (
				AA52CF7D27ECBDC70F67D76F /* libPods-QianYan_IosTests.a in Frameworks */,
			);
			runOnlyForDeploymentPostprocessing = 0;
		};
/* End PBXFrameworksBuildPhase section */

/* Begin PBXGroup section */
		19909B421AEE985200CCB721 /* Models */ = {
			isa = PBXGroup;
			children = (
			);
			name = Models;
			sourceTree = "<group>";
		};
		19909B431AEE985700CCB721 /* Services */ = {
			isa = PBXGroup;
			children = (
				19909B471AEE9F4B00CCB721 /* QY_SocketService.h */,
				19909B481AEE9F4B00CCB721 /* QY_SocketService.m */,
				19909B4C1AEEA04900CCB721 /* QYUtils.h */,
				19909B4D1AEEA04900CCB721 /* QYUtils.m */,
				19909B591AEEEC4600CCB721 /* QY_dataPacketFactor.h */,
				19909B5A1AEEEC4600CCB721 /* QY_dataPacketFactor.m */,
			);
			name = Services;
			sourceTree = "<group>";
		};
		19909B441AEE98A500CCB721 /* Setting */ = {
			isa = PBXGroup;
			children = (
				19909B4A1AEE9F7400CCB721 /* QY_Common.h */,
				19909B4B1AEE9F8100CCB721 /* QY_CommonDefine.h */,
				19909B521AEEE1C300CCB721 /* QY_jclient_jrm_protocol_Marco.h */,
			);
			name = Setting;
			sourceTree = "<group>";
		};
		19909B451AEE98AE00CCB721 /* Views */ = {
			isa = PBXGroup;
			children = (
			);
			name = Views;
			sourceTree = "<group>";
		};
		19909B461AEE98B200CCB721 /* ThirdPart_byHand */ = {
			isa = PBXGroup;
			children = (
			);
			name = ThirdPart_byHand;
			sourceTree = "<group>";
		};
		19909B5C1AEEECB400CCB721 /* ViewControllers */ = {
			isa = PBXGroup;
			children = (
				19ED2EEB1AECF84F00E9DBEA /* ViewController.h */,
				19ED2EEC1AECF84F00E9DBEA /* ViewController.m */,
			);
			name = ViewControllers;
			sourceTree = "<group>";
		};
		19ED2ED51AECF84F00E9DBEA = {
			isa = PBXGroup;
			children = (
				19ED2EE01AECF84F00E9DBEA /* QianYan_Ios */,
				19ED2EFD1AECF84F00E9DBEA /* QianYan_IosTests */,
				19ED2EDF1AECF84F00E9DBEA /* Products */,
				21777B673703E293DF0B8110 /* Pods */,
				3652C3BCAEB78CC4CE09D590 /* Frameworks */,
			);
			sourceTree = "<group>";
		};
		19ED2EDF1AECF84F00E9DBEA /* Products */ = {
			isa = PBXGroup;
			children = (
				19ED2EDE1AECF84F00E9DBEA /* QianYan_Ios.app */,
				19ED2EFA1AECF84F00E9DBEA /* QianYan_IosTests.xctest */,
			);
			name = Products;
			sourceTree = "<group>";
		};
		19ED2EE01AECF84F00E9DBEA /* QianYan_Ios */ = {
			isa = PBXGroup;
			children = (
				19909B461AEE98B200CCB721 /* ThirdPart_byHand */,
				19909B451AEE98AE00CCB721 /* Views */,
				19909B441AEE98A500CCB721 /* Setting */,
				19909B431AEE985700CCB721 /* Services */,
				19909B421AEE985200CCB721 /* Models */,
				19ED2EE51AECF84F00E9DBEA /* AppDelegate.h */,
				19ED2EE61AECF84F00E9DBEA /* AppDelegate.m */,
				19909B5C1AEEECB400CCB721 /* ViewControllers */,
				19ED2EEE1AECF84F00E9DBEA /* Main.storyboard */,
				19ED2EF11AECF84F00E9DBEA /* Images.xcassets */,
				19ED2EF31AECF84F00E9DBEA /* LaunchScreen.xib */,
				19ED2EE81AECF84F00E9DBEA /* QianYan_Ios.xcdatamodeld */,
				19ED2EE11AECF84F00E9DBEA /* Supporting Files */,
			);
			path = QianYan_Ios;
			sourceTree = "<group>";
		};
		19ED2EE11AECF84F00E9DBEA /* Supporting Files */ = {
			isa = PBXGroup;
			children = (
				19ED2EE21AECF84F00E9DBEA /* Info.plist */,
				19ED2EE31AECF84F00E9DBEA /* main.m */,
			);
			name = "Supporting Files";
			sourceTree = "<group>";
		};
		19ED2EFD1AECF84F00E9DBEA /* QianYan_IosTests */ = {
			isa = PBXGroup;
			children = (
				19ED2F001AECF84F00E9DBEA /* QianYan_IosTests.m */,
				19ED2EFE1AECF84F00E9DBEA /* Supporting Files */,
			);
			path = QianYan_IosTests;
			sourceTree = "<group>";
		};
		19ED2EFE1AECF84F00E9DBEA /* Supporting Files */ = {
			isa = PBXGroup;
			children = (
				19ED2EFF1AECF84F00E9DBEA /* Info.plist */,
			);
			name = "Supporting Files";
			sourceTree = "<group>";
		};
		21777B673703E293DF0B8110 /* Pods */ = {
			isa = PBXGroup;
			children = (
				3CD33F4688A6D206477B0FD6 /* Pods-QianYan_Ios.debug.xcconfig */,
				DAFBB40752495D47105A5F5E /* Pods-QianYan_Ios.release.xcconfig */,
				4BCFE60503547709FAB2C1E5 /* Pods-QianYan_IosTests.debug.xcconfig */,
				928F366D28C73DBE248F1F4D /* Pods-QianYan_IosTests.release.xcconfig */,
			);
			name = Pods;
			sourceTree = "<group>";
		};
		3652C3BCAEB78CC4CE09D590 /* Frameworks */ = {
			isa = PBXGroup;
			children = (
				11F773AF3A6D9E59DFFC3C35 /* libPods-QianYan_Ios.a */,
				B56B755DAE30BD9D1F0F95C3 /* libPods-QianYan_IosTests.a */,
			);
			name = Frameworks;
			sourceTree = "<group>";
		};
/* End PBXGroup section */

/* Begin PBXNativeTarget section */
		19ED2EDD1AECF84F00E9DBEA /* QianYan_Ios */ = {
			isa = PBXNativeTarget;
			buildConfigurationList = 19ED2F041AECF84F00E9DBEA /* Build configuration list for PBXNativeTarget "QianYan_Ios" */;
			buildPhases = (
				25B847DA2627AB8ED09381E7 /* Check Pods Manifest.lock */,
				19ED2EDA1AECF84F00E9DBEA /* Sources */,
				19ED2EDB1AECF84F00E9DBEA /* Frameworks */,
				19ED2EDC1AECF84F00E9DBEA /* Resources */,
				B3C569F6A01DC9B0AAC632E7 /* Copy Pods Resources */,
			);
			buildRules = (
			);
			dependencies = (
			);
			name = QianYan_Ios;
			productName = QianYan_Ios;
			productReference = 19ED2EDE1AECF84F00E9DBEA /* QianYan_Ios.app */;
			productType = "com.apple.product-type.application";
		};
		19ED2EF91AECF84F00E9DBEA /* QianYan_IosTests */ = {
			isa = PBXNativeTarget;
			buildConfigurationList = 19ED2F071AECF84F00E9DBEA /* Build configuration list for PBXNativeTarget "QianYan_IosTests" */;
			buildPhases = (
				6F371F6A77C18D796E56AD27 /* Check Pods Manifest.lock */,
				19ED2EF61AECF84F00E9DBEA /* Sources */,
				19ED2EF71AECF84F00E9DBEA /* Frameworks */,
				19ED2EF81AECF84F00E9DBEA /* Resources */,
				FB93D469641EAB634D98AAB5 /* Copy Pods Resources */,
			);
			buildRules = (
			);
			dependencies = (
				19ED2EFC1AECF84F00E9DBEA /* PBXTargetDependency */,
			);
			name = QianYan_IosTests;
			productName = QianYan_IosTests;
			productReference = 19ED2EFA1AECF84F00E9DBEA /* QianYan_IosTests.xctest */;
			productType = "com.apple.product-type.bundle.unit-test";
		};
/* End PBXNativeTarget section */

/* Begin PBXProject section */
		19ED2ED61AECF84F00E9DBEA /* Project object */ = {
			isa = PBXProject;
			attributes = {
				LastUpgradeCheck = 0610;
				ORGANIZATIONNAME = "虎猫儿";
				TargetAttributes = {
					19ED2EDD1AECF84F00E9DBEA = {
						CreatedOnToolsVersion = 6.1.1;
						DevelopmentTeam = TX7PFT8X7E;
					};
					19ED2EF91AECF84F00E9DBEA = {
						CreatedOnToolsVersion = 6.1.1;
						TestTargetID = 19ED2EDD1AECF84F00E9DBEA;
					};
				};
			};
			buildConfigurationList = 19ED2ED91AECF84F00E9DBEA /* Build configuration list for PBXProject "QianYan_Ios" */;
			compatibilityVersion = "Xcode 3.2";
			developmentRegion = English;
			hasScannedForEncodings = 0;
			knownRegions = (
				en,
				Base,
			);
			mainGroup = 19ED2ED51AECF84F00E9DBEA;
			productRefGroup = 19ED2EDF1AECF84F00E9DBEA /* Products */;
			projectDirPath = "";
			projectRoot = "";
			targets = (
				19ED2EDD1AECF84F00E9DBEA /* QianYan_Ios */,
				19ED2EF91AECF84F00E9DBEA /* QianYan_IosTests */,
			);
		};
/* End PBXProject section */

/* Begin PBXResourcesBuildPhase section */
		19ED2EDC1AECF84F00E9DBEA /* Resources */ = {
			isa = PBXResourcesBuildPhase;
			buildActionMask = 2147483647;
			files = (
				19ED2EF01AECF84F00E9DBEA /* Main.storyboard in Resources */,
				19ED2EF51AECF84F00E9DBEA /* LaunchScreen.xib in Resources */,
				19ED2EF21AECF84F00E9DBEA /* Images.xcassets in Resources */,
			);
			runOnlyForDeploymentPostprocessing = 0;
		};
		19ED2EF81AECF84F00E9DBEA /* Resources */ = {
			isa = PBXResourcesBuildPhase;
			buildActionMask = 2147483647;
			files = (
			);
			runOnlyForDeploymentPostprocessing = 0;
		};
/* End PBXResourcesBuildPhase section */

/* Begin PBXShellScriptBuildPhase section */
		25B847DA2627AB8ED09381E7 /* Check Pods Manifest.lock */ = {
			isa = PBXShellScriptBuildPhase;
			buildActionMask = 2147483647;
			files = (
			);
			inputPaths = (
			);
			name = "Check Pods Manifest.lock";
			outputPaths = (
			);
			runOnlyForDeploymentPostprocessing = 0;
			shellPath = /bin/sh;
			shellScript = "diff \"${PODS_ROOT}/../Podfile.lock\" \"${PODS_ROOT}/Manifest.lock\" > /dev/null\nif [[ $? != 0 ]] ; then\n    cat << EOM\nerror: The sandbox is not in sync with the Podfile.lock. Run 'pod install' or update your CocoaPods installation.\nEOM\n    exit 1\nfi\n";
			showEnvVarsInLog = 0;
		};
		6F371F6A77C18D796E56AD27 /* Check Pods Manifest.lock */ = {
			isa = PBXShellScriptBuildPhase;
			buildActionMask = 2147483647;
			files = (
			);
			inputPaths = (
			);
			name = "Check Pods Manifest.lock";
			outputPaths = (
			);
			runOnlyForDeploymentPostprocessing = 0;
			shellPath = /bin/sh;
			shellScript = "diff \"${PODS_ROOT}/../Podfile.lock\" \"${PODS_ROOT}/Manifest.lock\" > /dev/null\nif [[ $? != 0 ]] ; then\n    cat << EOM\nerror: The sandbox is not in sync with the Podfile.lock. Run 'pod install' or update your CocoaPods installation.\nEOM\n    exit 1\nfi\n";
			showEnvVarsInLog = 0;
		};
		B3C569F6A01DC9B0AAC632E7 /* Copy Pods Resources */ = {
			isa = PBXShellScriptBuildPhase;
			buildActionMask = 2147483647;
			files = (
			);
			inputPaths = (
			);
			name = "Copy Pods Resources";
			outputPaths = (
			);
			runOnlyForDeploymentPostprocessing = 0;
			shellPath = /bin/sh;
			shellScript = "\"${SRCROOT}/Pods/Target Support Files/Pods-QianYan_Ios/Pods-QianYan_Ios-resources.sh\"\n";
			showEnvVarsInLog = 0;
		};
		FB93D469641EAB634D98AAB5 /* Copy Pods Resources */ = {
			isa = PBXShellScriptBuildPhase;
			buildActionMask = 2147483647;
			files = (
			);
			inputPaths = (
			);
			name = "Copy Pods Resources";
			outputPaths = (
			);
			runOnlyForDeploymentPostprocessing = 0;
			shellPath = /bin/sh;
			shellScript = "\"${SRCROOT}/Pods/Target Support Files/Pods-QianYan_IosTests/Pods-QianYan_IosTests-resources.sh\"\n";
			showEnvVarsInLog = 0;
		};
/* End PBXShellScriptBuildPhase section */

/* Begin PBXSourcesBuildPhase section */
		19ED2EDA1AECF84F00E9DBEA /* Sources */ = {
			isa = PBXSourcesBuildPhase;
			buildActionMask = 2147483647;
			files = (
				19ED2EE71AECF84F00E9DBEA /* AppDelegate.m in Sources */,
				19909B4E1AEEA04900CCB721 /* QYUtils.m in Sources */,
				19ED2EEA1AECF84F00E9DBEA /* QianYan_Ios.xcdatamodeld in Sources */,
				19ED2EED1AECF84F00E9DBEA /* ViewController.m in Sources */,
				19909B491AEE9F4B00CCB721 /* QY_SocketService.m in Sources */,
				19909B5B1AEEEC4600CCB721 /* QY_dataPacketFactor.m in Sources */,
				19ED2EE41AECF84F00E9DBEA /* main.m in Sources */,
			);
			runOnlyForDeploymentPostprocessing = 0;
		};
		19ED2EF61AECF84F00E9DBEA /* Sources */ = {
			isa = PBXSourcesBuildPhase;
			buildActionMask = 2147483647;
			files = (
				19ED2F011AECF84F00E9DBEA /* QianYan_IosTests.m in Sources */,
			);
			runOnlyForDeploymentPostprocessing = 0;
		};
/* End PBXSourcesBuildPhase section */

/* Begin PBXTargetDependency section */
		19ED2EFC1AECF84F00E9DBEA /* PBXTargetDependency */ = {
			isa = PBXTargetDependency;
			target = 19ED2EDD1AECF84F00E9DBEA /* QianYan_Ios */;
			targetProxy = 19ED2EFB1AECF84F00E9DBEA /* PBXContainerItemProxy */;
		};
/* End PBXTargetDependency section */

/* Begin PBXVariantGroup section */
		19ED2EEE1AECF84F00E9DBEA /* Main.storyboard */ = {
			isa = PBXVariantGroup;
			children = (
				19ED2EEF1AECF84F00E9DBEA /* Base */,
			);
			name = Main.storyboard;
			sourceTree = "<group>";
		};
		19ED2EF31AECF84F00E9DBEA /* LaunchScreen.xib */ = {
			isa = PBXVariantGroup;
			children = (
				19ED2EF41AECF84F00E9DBEA /* Base */,
			);
			name = LaunchScreen.xib;
			sourceTree = "<group>";
		};
/* End PBXVariantGroup section */

/* Begin XCBuildConfiguration section */
		19ED2F021AECF84F00E9DBEA /* Debug */ = {
			isa = XCBuildConfiguration;
			buildSettings = {
				ALWAYS_SEARCH_USER_PATHS = NO;
				CLANG_CXX_LANGUAGE_STANDARD = "gnu++0x";
				CLANG_CXX_LIBRARY = "libc++";
				CLANG_ENABLE_MODULES = YES;
				CLANG_ENABLE_OBJC_ARC = YES;
				CLANG_WARN_BOOL_CONVERSION = YES;
				CLANG_WARN_CONSTANT_CONVERSION = YES;
				CLANG_WARN_DIRECT_OBJC_ISA_USAGE = YES_ERROR;
				CLANG_WARN_EMPTY_BODY = YES;
				CLANG_WARN_ENUM_CONVERSION = YES;
				CLANG_WARN_INT_CONVERSION = YES;
				CLANG_WARN_OBJC_ROOT_CLASS = YES_ERROR;
				CLANG_WARN_UNREACHABLE_CODE = YES;
				CLANG_WARN__DUPLICATE_METHOD_MATCH = YES;
				"CODE_SIGN_IDENTITY[sdk=iphoneos*]" = "iPhone Developer";
				COPY_PHASE_STRIP = NO;
				ENABLE_STRICT_OBJC_MSGSEND = YES;
				GCC_C_LANGUAGE_STANDARD = gnu99;
				GCC_DYNAMIC_NO_PIC = NO;
				GCC_OPTIMIZATION_LEVEL = 0;
				GCC_PREPROCESSOR_DEFINITIONS = (
					"DEBUG=1",
					"$(inherited)",
				);
				GCC_SYMBOLS_PRIVATE_EXTERN = NO;
				GCC_WARN_64_TO_32_BIT_CONVERSION = YES;
				GCC_WARN_ABOUT_RETURN_TYPE = YES_ERROR;
				GCC_WARN_UNDECLARED_SELECTOR = YES;
				GCC_WARN_UNINITIALIZED_AUTOS = YES_AGGRESSIVE;
				GCC_WARN_UNUSED_FUNCTION = YES;
				GCC_WARN_UNUSED_VARIABLE = YES;
				IPHONEOS_DEPLOYMENT_TARGET = 8.1;
				MTL_ENABLE_DEBUG_INFO = YES;
				ONLY_ACTIVE_ARCH = YES;
				SDKROOT = iphoneos;
			};
			name = Debug;
		};
		19ED2F031AECF84F00E9DBEA /* Release */ = {
			isa = XCBuildConfiguration;
			buildSettings = {
				ALWAYS_SEARCH_USER_PATHS = NO;
				CLANG_CXX_LANGUAGE_STANDARD = "gnu++0x";
				CLANG_CXX_LIBRARY = "libc++";
				CLANG_ENABLE_MODULES = YES;
				CLANG_ENABLE_OBJC_ARC = YES;
				CLANG_WARN_BOOL_CONVERSION = YES;
				CLANG_WARN_CONSTANT_CONVERSION = YES;
				CLANG_WARN_DIRECT_OBJC_ISA_USAGE = YES_ERROR;
				CLANG_WARN_EMPTY_BODY = YES;
				CLANG_WARN_ENUM_CONVERSION = YES;
				CLANG_WARN_INT_CONVERSION = YES;
				CLANG_WARN_OBJC_ROOT_CLASS = YES_ERROR;
				CLANG_WARN_UNREACHABLE_CODE = YES;
				CLANG_WARN__DUPLICATE_METHOD_MATCH = YES;
				"CODE_SIGN_IDENTITY[sdk=iphoneos*]" = "iPhone Developer";
				COPY_PHASE_STRIP = YES;
				ENABLE_NS_ASSERTIONS = NO;
				ENABLE_STRICT_OBJC_MSGSEND = YES;
				GCC_C_LANGUAGE_STANDARD = gnu99;
				GCC_WARN_64_TO_32_BIT_CONVERSION = YES;
				GCC_WARN_ABOUT_RETURN_TYPE = YES_ERROR;
				GCC_WARN_UNDECLARED_SELECTOR = YES;
				GCC_WARN_UNINITIALIZED_AUTOS = YES_AGGRESSIVE;
				GCC_WARN_UNUSED_FUNCTION = YES;
				GCC_WARN_UNUSED_VARIABLE = YES;
				IPHONEOS_DEPLOYMENT_TARGET = 8.1;
				MTL_ENABLE_DEBUG_INFO = NO;
				SDKROOT = iphoneos;
				VALIDATE_PRODUCT = YES;
			};
			name = Release;
		};
		19ED2F051AECF84F00E9DBEA /* Debug */ = {
			isa = XCBuildConfiguration;
			baseConfigurationReference = 3CD33F4688A6D206477B0FD6 /* Pods-QianYan_Ios.debug.xcconfig */;
			buildSettings = {
				ASSETCATALOG_COMPILER_APPICON_NAME = AppIcon;
				CODE_SIGN_IDENTITY = "iPhone Developer";
				INFOPLIST_FILE = QianYan_Ios/Info.plist;
				IPHONEOS_DEPLOYMENT_TARGET = 8.0;
				LD_RUNPATH_SEARCH_PATHS = "$(inherited) @executable_path/Frameworks";
				PRODUCT_NAME = "$(TARGET_NAME)";
				TARGETED_DEVICE_FAMILY = 1;
			};
			name = Debug;
		};
		19ED2F061AECF84F00E9DBEA /* Release */ = {
			isa = XCBuildConfiguration;
			baseConfigurationReference = DAFBB40752495D47105A5F5E /* Pods-QianYan_Ios.release.xcconfig */;
			buildSettings = {
				ASSETCATALOG_COMPILER_APPICON_NAME = AppIcon;
				CODE_SIGN_IDENTITY = "iPhone Developer";
				INFOPLIST_FILE = QianYan_Ios/Info.plist;
				IPHONEOS_DEPLOYMENT_TARGET = 8.0;
				LD_RUNPATH_SEARCH_PATHS = "$(inherited) @executable_path/Frameworks";
				PRODUCT_NAME = "$(TARGET_NAME)";
				TARGETED_DEVICE_FAMILY = 1;
			};
			name = Release;
		};
		19ED2F081AECF84F00E9DBEA /* Debug */ = {
			isa = XCBuildConfiguration;
			baseConfigurationReference = 4BCFE60503547709FAB2C1E5 /* Pods-QianYan_IosTests.debug.xcconfig */;
			buildSettings = {
				BUNDLE_LOADER = "$(TEST_HOST)";
				FRAMEWORK_SEARCH_PATHS = (
					"$(SDKROOT)/Developer/Library/Frameworks",
					"$(inherited)",
				);
				GCC_PREPROCESSOR_DEFINITIONS = (
					"DEBUG=1",
					"$(inherited)",
				);
				INFOPLIST_FILE = QianYan_IosTests/Info.plist;
				LD_RUNPATH_SEARCH_PATHS = "$(inherited) @executable_path/Frameworks @loader_path/Frameworks";
				PRODUCT_NAME = "$(TARGET_NAME)";
				TEST_HOST = "$(BUILT_PRODUCTS_DIR)/QianYan_Ios.app/QianYan_Ios";
			};
			name = Debug;
		};
		19ED2F091AECF84F00E9DBEA /* Release */ = {
			isa = XCBuildConfiguration;
			baseConfigurationReference = 928F366D28C73DBE248F1F4D /* Pods-QianYan_IosTests.release.xcconfig */;
			buildSettings = {
				BUNDLE_LOADER = "$(TEST_HOST)";
				FRAMEWORK_SEARCH_PATHS = (
					"$(SDKROOT)/Developer/Library/Frameworks",
					"$(inherited)",
				);
				INFOPLIST_FILE = QianYan_IosTests/Info.plist;
				LD_RUNPATH_SEARCH_PATHS = "$(inherited) @executable_path/Frameworks @loader_path/Frameworks";
				PRODUCT_NAME = "$(TARGET_NAME)";
				TEST_HOST = "$(BUILT_PRODUCTS_DIR)/QianYan_Ios.app/QianYan_Ios";
			};
			name = Release;
		};
/* End XCBuildConfiguration section */

/* Begin XCConfigurationList section */
		19ED2ED91AECF84F00E9DBEA /* Build configuration list for PBXProject "QianYan_Ios" */ = {
			isa = XCConfigurationList;
			buildConfigurations = (
				19ED2F021AECF84F00E9DBEA /* Debug */,
				19ED2F031AECF84F00E9DBEA /* Release */,
			);
			defaultConfigurationIsVisible = 0;
			defaultConfigurationName = Release;
		};
		19ED2F041AECF84F00E9DBEA /* Build configuration list for PBXNativeTarget "QianYan_Ios" */ = {
			isa = XCConfigurationList;
			buildConfigurations = (
				19ED2F051AECF84F00E9DBEA /* Debug */,
				19ED2F061AECF84F00E9DBEA /* Release */,
			);
			defaultConfigurationIsVisible = 0;
			defaultConfigurationName = Release;
		};
		19ED2F071AECF84F00E9DBEA /* Build configuration list for PBXNativeTarget "QianYan_IosTests" */ = {
			isa = XCConfigurationList;
			buildConfigurations = (
				19ED2F081AECF84F00E9DBEA /* Debug */,
				19ED2F091AECF84F00E9DBEA /* Release */,
			);
			defaultConfigurationIsVisible = 0;
			defaultConfigurationName = Release;
		};
/* End XCConfigurationList section */

/* Begin XCVersionGroup section */
		19ED2EE81AECF84F00E9DBEA /* QianYan_Ios.xcdatamodeld */ = {
			isa = XCVersionGroup;
			children = (
				19ED2EE91AECF84F00E9DBEA /* QianYan_Ios.xcdatamodel */,
			);
			currentVersion = 19ED2EE91AECF84F00E9DBEA /* QianYan_Ios.xcdatamodel */;
			path = QianYan_Ios.xcdatamodeld;
			sourceTree = "<group>";
			versionGroupType = wrapper.xcdatamodel;
		};
/* End XCVersionGroup section */
	};
	rootObject = 19ED2ED61AECF84F00E9DBEA /* Project object */;
}
